// !$*UTF8*$!
{
	archiveVersion = 1;
	classes = {
	};
	objectVersion = 52;
	objects = {

/* Begin PBXBuildFile section */
		0E26212225F8CB14007D28F0 /* TableViewCell.swift in Sources */ = {isa = PBXBuildFile; fileRef = 0E26212025F8CB14007D28F0 /* TableViewCell.swift */; };
		0E26212325F8CB14007D28F0 /* TableViewCell.xib in Resources */ = {isa = PBXBuildFile; fileRef = 0E26212125F8CB14007D28F0 /* TableViewCell.xib */; };
		0E26216126014B0B007D28F0 /* TaskListView.xib in Resources */ = {isa = PBXBuildFile; fileRef = 0E26216026014B0B007D28F0 /* TaskListView.xib */; };
		0E26216426014B23007D28F0 /* TaskListView.swift in Sources */ = {isa = PBXBuildFile; fileRef = 0E26216326014B23007D28F0 /* TaskListView.swift */; };
		0E26A859274C0AD30069A779 /* EditPopUpVC.swift in Sources */ = {isa = PBXBuildFile; fileRef = 0E26A858274C0AD30069A779 /* EditPopUpVC.swift */; };
		0E30E47B26737B380002EFDD /* ReviewCell.swift in Sources */ = {isa = PBXBuildFile; fileRef = 0E30E47926737B380002EFDD /* ReviewCell.swift */; };
		0E30E47C26737B380002EFDD /* ReviewCell.xib in Resources */ = {isa = PBXBuildFile; fileRef = 0E30E47A26737B380002EFDD /* ReviewCell.xib */; };
		0E30E481267492B00002EFDD /* ReviewCellViewModel.swift in Sources */ = {isa = PBXBuildFile; fileRef = 0E30E480267492B00002EFDD /* ReviewCellViewModel.swift */; };
		0E7952D6260A65F500345659 /* UIView+Extension.swift in Sources */ = {isa = PBXBuildFile; fileRef = 0E7952D5260A65F500345659 /* UIView+Extension.swift */; };
		0E7952EF2610B4A500345659 /* MainRoutineListViewModel.swift in Sources */ = {isa = PBXBuildFile; fileRef = 0E7952EE2610B4A500345659 /* MainRoutineListViewModel.swift */; };
		0E7953312613B4E100345659 /* MainHomeViewModel.swift in Sources */ = {isa = PBXBuildFile; fileRef = 0E7953302613B4E100345659 /* MainHomeViewModel.swift */; };
		0E795358261F6D0900345659 /* CalendarCell.swift in Sources */ = {isa = PBXBuildFile; fileRef = 0E795357261F6D0900345659 /* CalendarCell.swift */; };
		0EAD6A1625F26D45001BD490 /* MainHome.storyboard in Resources */ = {isa = PBXBuildFile; fileRef = 0EAD6A1525F26D45001BD490 /* MainHome.storyboard */; };
		0EAD6A1925F2A107001BD490 /* MainHomeVC.swift in Sources */ = {isa = PBXBuildFile; fileRef = 0EAD6A1825F2A107001BD490 /* MainHomeVC.swift */; };
		0EB2A025279550A5007E5E57 /* DeleteAccount.storyboard in Resources */ = {isa = PBXBuildFile; fileRef = 0EB2A024279550A5007E5E57 /* DeleteAccount.storyboard */; };
		0EB4A4FE282EC3F900CE4E70 /* Storage.swift in Sources */ = {isa = PBXBuildFile; fileRef = 0EB4A4FD282EC3F900CE4E70 /* Storage.swift */; };
		0EB4A5132839324000CE4E70 /* TokenData.swift in Sources */ = {isa = PBXBuildFile; fileRef = 0EB4A5122839324000CE4E70 /* TokenData.swift */; };
		0EBADDCF2699E4B7007A9323 /* DailyData.swift in Sources */ = {isa = PBXBuildFile; fileRef = 0EBADDCE2699E4B7007A9323 /* DailyData.swift */; };
		0EBADE13269F637D007A9323 /* Collection+Extension.swift in Sources */ = {isa = PBXBuildFile; fileRef = 0EBADE12269F637D007A9323 /* Collection+Extension.swift */; };
		0EBF3C7B2665127A006A65C9 /* DeleteReasonVC.swift in Sources */ = {isa = PBXBuildFile; fileRef = 0EBF3C7A2665127A006A65C9 /* DeleteReasonVC.swift */; };
		0EC381B4266D189A00438A74 /* Review.storyboard in Resources */ = {isa = PBXBuildFile; fileRef = 0EC381B3266D189A00438A74 /* Review.storyboard */; };
		0EC381B7266D18C700438A74 /* ReviewHomeVC.swift in Sources */ = {isa = PBXBuildFile; fileRef = 0EC381B6266D18C700438A74 /* ReviewHomeVC.swift */; };
		0ECB0709270B3C78005F766D /* MyPageHomeVC.swift in Sources */ = {isa = PBXBuildFile; fileRef = 0ECB0708270B3C78005F766D /* MyPageHomeVC.swift */; };
		0ECB070C270CD900005F766D /* ProfileData.swift in Sources */ = {isa = PBXBuildFile; fileRef = 0ECB070B270CD900005F766D /* ProfileData.swift */; };
		0ECB070F2713F0DE005F766D /* RetrospectionData.swift in Sources */ = {isa = PBXBuildFile; fileRef = 0ECB070E2713F0DE005F766D /* RetrospectionData.swift */; };
		0ED11294265FD56500677330 /* MyPage.storyboard in Resources */ = {isa = PBXBuildFile; fileRef = 0ED11293265FD56500677330 /* MyPage.storyboard */; };
		0ED1129826623B2800677330 /* DeleteAccountVC.swift in Sources */ = {isa = PBXBuildFile; fileRef = 0ED1129726623B2800677330 /* DeleteAccountVC.swift */; };
		0EFC974826C25330003877B0 /* TodayTaskCell.swift in Sources */ = {isa = PBXBuildFile; fileRef = 0EFC974726C25330003877B0 /* TodayTaskCell.swift */; };
		0EFC974B26C258FB003877B0 /* TodayTaskCell.xib in Resources */ = {isa = PBXBuildFile; fileRef = 0EFC974A26C258FB003877B0 /* TodayTaskCell.xib */; };
		2D282EC626A779EE00A53F8E /* SimpleData.swift in Sources */ = {isa = PBXBuildFile; fileRef = 2D282EC526A779EE00A53F8E /* SimpleData.swift */; };
		2D282EC926A9FC2A00A53F8E /* TabBarVC.swift in Sources */ = {isa = PBXBuildFile; fileRef = 2D282EC826A9FC2A00A53F8E /* TabBarVC.swift */; };
		2D282ECB26A9FC3C00A53F8E /* TabBar.storyboard in Resources */ = {isa = PBXBuildFile; fileRef = 2D282ECA26A9FC3C00A53F8E /* TabBar.storyboard */; };
		9B02562326A9A75200234098 /* UIString+Extension.swift in Sources */ = {isa = PBXBuildFile; fileRef = 9B02562226A9A75200234098 /* UIString+Extension.swift */; };
		9B02562F26A9C2C300234098 /* MakeRoutineData.swift in Sources */ = {isa = PBXBuildFile; fileRef = 9B02562E26A9C2C300234098 /* MakeRoutineData.swift */; };
		9B0A49FD26D9399B003CBA71 /* CategoryStarCell.swift in Sources */ = {isa = PBXBuildFile; fileRef = 9B0A49FC26D9399B003CBA71 /* CategoryStarCell.swift */; };
		9B0A4A0026D94C08003CBA71 /* RoutineStarCell.swift in Sources */ = {isa = PBXBuildFile; fileRef = 9B0A49FF26D94C08003CBA71 /* RoutineStarCell.swift */; };
		9B1041922607594800746FCF /* SelectToDoVC.swift in Sources */ = {isa = PBXBuildFile; fileRef = 9B1041912607594800746FCF /* SelectToDoVC.swift */; };
		9B1041AC26076BA900746FCF /* CategoryCell.swift in Sources */ = {isa = PBXBuildFile; fileRef = 9B1041AB26076BA900746FCF /* CategoryCell.swift */; };
		9B161F022797E98300897B53 /* SplashVC.swift in Sources */ = {isa = PBXBuildFile; fileRef = 9B161F012797E98300897B53 /* SplashVC.swift */; };
		9B161F042797EA1A00897B53 /* Splash.json in Resources */ = {isa = PBXBuildFile; fileRef = 9B161F032797EA1A00897B53 /* Splash.json */; };
		9B291630279F037A00D643A1 /* UIWindow+Extension.swift in Sources */ = {isa = PBXBuildFile; fileRef = 9B29162F279F037A00D643A1 /* UIWindow+Extension.swift */; };
		9B340A0B2611BECE0082BB7B /* MakeRoutineNameVC.swift in Sources */ = {isa = PBXBuildFile; fileRef = 9B340A0A2611BECE0082BB7B /* MakeRoutineNameVC.swift */; };
		9B566DA02711699900243304 /* SelectCharacterVC.swift in Sources */ = {isa = PBXBuildFile; fileRef = 9B566D9F2711699900243304 /* SelectCharacterVC.swift */; };
		9B566DA227116ADE00243304 /* SelectIconCell.swift in Sources */ = {isa = PBXBuildFile; fileRef = 9B566DA127116ADE00243304 /* SelectIconCell.swift */; };
		9B56E848260884E800EC9969 /* RoutineCell.swift in Sources */ = {isa = PBXBuildFile; fileRef = 9B56E847260884E800EC9969 /* RoutineCell.swift */; };
		9B56E8772609D7B600EC9969 /* SelectedRoutineCell.swift in Sources */ = {isa = PBXBuildFile; fileRef = 9B56E8762609D7B600EC9969 /* SelectedRoutineCell.swift */; };
		9B56E87A2609D90800EC9969 /* SelectedCollectionViewCellViewModel.swift in Sources */ = {isa = PBXBuildFile; fileRef = 9B56E8792609D90800EC9969 /* SelectedCollectionViewCellViewModel.swift */; };
		9B7B080527156E8700AB423B /* WriteRetrospectionVC.swift in Sources */ = {isa = PBXBuildFile; fileRef = 9B7B080427156E8700AB423B /* WriteRetrospectionVC.swift */; };
		9B7EA068270DCBBF00C07401 /* AchievementData.swift in Sources */ = {isa = PBXBuildFile; fileRef = 9B7EA067270DCBBF00C07401 /* AchievementData.swift */; };
		9B98763526D243AE00EF218D /* Retrospection_m.storyboard in Resources */ = {isa = PBXBuildFile; fileRef = 9B98763426D243AE00EF218D /* Retrospection_m.storyboard */; };
		9B9EEFEF2698920E00FA0B5C /* CategoryData.swift in Sources */ = {isa = PBXBuildFile; fileRef = 9B9EEFEE2698920E00FA0B5C /* CategoryData.swift */; };
		9B9EEFF326989FA800FA0B5C /* TaskData.swift in Sources */ = {isa = PBXBuildFile; fileRef = 9B9EEFF226989FA800FA0B5C /* TaskData.swift */; };
		9BB52E7C25F0C2F6001C63E5 /* UIFont+Extension.swift in Sources */ = {isa = PBXBuildFile; fileRef = 9BB52E7B25F0C2F6001C63E5 /* UIFont+Extension.swift */; };
		9BC81AA025FA80CB001B1D83 /* AddRoutine.storyboard in Resources */ = {isa = PBXBuildFile; fileRef = 9BC81A9F25FA80CB001B1D83 /* AddRoutine.storyboard */; };
		9BE0BFF22684D5D100E2FEDC /* NetworkResult.swift in Sources */ = {isa = PBXBuildFile; fileRef = 9BE0BFF12684D5D100E2FEDC /* NetworkResult.swift */; };
		9BE0BFF52684D60000E2FEDC /* APITarget.swift in Sources */ = {isa = PBXBuildFile; fileRef = 9BE0BFF42684D60000E2FEDC /* APITarget.swift */; };
		9BE0BFF92684DE3700E2FEDC /* GenericResponse.swift in Sources */ = {isa = PBXBuildFile; fileRef = 9BE0BFF82684DE3700E2FEDC /* GenericResponse.swift */; };
		9BE0BFFD2684DFFD00E2FEDC /* SimpleResponse.swift in Sources */ = {isa = PBXBuildFile; fileRef = 9BE0BFFC2684DFFD00E2FEDC /* SimpleResponse.swift */; };
		9BE0C0002684E19F00E2FEDC /* APIService.swift in Sources */ = {isa = PBXBuildFile; fileRef = 9BE0BFFF2684E19F00E2FEDC /* APIService.swift */; };
		9BEFD54826A2AE1B00FD9112 /* LeftAlignFlowLayout.swift in Sources */ = {isa = PBXBuildFile; fileRef = 9BEFD54726A2AE1B00FD9112 /* LeftAlignFlowLayout.swift */; };
		9BEFD55826A32EA200FD9112 /* CheckRoutineVC.swift in Sources */ = {isa = PBXBuildFile; fileRef = 9BEFD55726A32EA200FD9112 /* CheckRoutineVC.swift */; };
		9BEFD55B26A334F400FD9112 /* UIButton+Extension.swift in Sources */ = {isa = PBXBuildFile; fileRef = 9BEFD55A26A334F400FD9112 /* UIButton+Extension.swift */; };
		9BEFD55E26A3488300FD9112 /* CheckRoutineCell.swift in Sources */ = {isa = PBXBuildFile; fileRef = 9BEFD55D26A3488300FD9112 /* CheckRoutineCell.swift */; };
		9BFABB5726D7A68C0005AA2B /* WeekStarCell.swift in Sources */ = {isa = PBXBuildFile; fileRef = 9BFABB5526D7A68C0005AA2B /* WeekStarCell.swift */; };
		9BFABB5C26D7B0980005AA2B /* DayRetrospectionVC.swift in Sources */ = {isa = PBXBuildFile; fileRef = 9BFABB5B26D7B0980005AA2B /* DayRetrospectionVC.swift */; };
		9E0FFB9926A8366300EB0428 /* CategoryVM.swift in Sources */ = {isa = PBXBuildFile; fileRef = 9E0FFB9826A8366300EB0428 /* CategoryVM.swift */; };
		9E0FFB9B26A836B800EB0428 /* CategoryTableViewCell.swift in Sources */ = {isa = PBXBuildFile; fileRef = 9E0FFB9A26A836B800EB0428 /* CategoryTableViewCell.swift */; };
		9E0FFB9D26A83A4400EB0428 /* CategoryDataWithoutID.swift in Sources */ = {isa = PBXBuildFile; fileRef = 9E0FFB9C26A83A4400EB0428 /* CategoryDataWithoutID.swift */; };
		9E0FFBA026A8403500EB0428 /* CategoryService.swift in Sources */ = {isa = PBXBuildFile; fileRef = 9E0FFB9F26A8403500EB0428 /* CategoryService.swift */; };
		9E0FFBA226A8784F00EB0428 /* ColorCategoryTableViewCell.swift in Sources */ = {isa = PBXBuildFile; fileRef = 9E0FFBA126A8784F00EB0428 /* ColorCategoryTableViewCell.swift */; };
		9E39AF7F263B497F001A2321 /* EditRoutineTimeVC.swift in Sources */ = {isa = PBXBuildFile; fileRef = 9E39AF7E263B497F001A2321 /* EditRoutineTimeVC.swift */; };
		9E57244F26A9D8BA0084C3BD /* CreateTodoResponseData.swift in Sources */ = {isa = PBXBuildFile; fileRef = 9E57244E26A9D8BA0084C3BD /* CreateTodoResponseData.swift */; };
		9E57245126A9D9610084C3BD /* TodoService.swift in Sources */ = {isa = PBXBuildFile; fileRef = 9E57245026A9D9610084C3BD /* TodoService.swift */; };
		9E5FD60225F4CAD6008EB927 /* MyRoutine.storyboard in Resources */ = {isa = PBXBuildFile; fileRef = 9E5FD60125F4CAD6008EB927 /* MyRoutine.storyboard */; };
		9E5FD60925F4CB33008EB927 /* MyRoutineListVC.swift in Sources */ = {isa = PBXBuildFile; fileRef = 9E5FD60825F4CB33008EB927 /* MyRoutineListVC.swift */; };
		9E5FD66526045B0D008EB927 /* UIColor+Extension.swift in Sources */ = {isa = PBXBuildFile; fileRef = 9E5FD66426045B0C008EB927 /* UIColor+Extension.swift */; };
		9E5FD6EE26073996008EB927 /* Metropolis-ExtraLightItalic.otf in Resources */ = {isa = PBXBuildFile; fileRef = 9E5FD6DC26073995008EB927 /* Metropolis-ExtraLightItalic.otf */; };
		9E5FD6EF26073996008EB927 /* Metropolis-ExtraBoldItalic.otf in Resources */ = {isa = PBXBuildFile; fileRef = 9E5FD6DD26073995008EB927 /* Metropolis-ExtraBoldItalic.otf */; };
		9E5FD6F026073996008EB927 /* Metropolis-LightItalic.otf in Resources */ = {isa = PBXBuildFile; fileRef = 9E5FD6DE26073995008EB927 /* Metropolis-LightItalic.otf */; };
		9E5FD6F126073996008EB927 /* Metropolis-Regular.otf in Resources */ = {isa = PBXBuildFile; fileRef = 9E5FD6DF26073995008EB927 /* Metropolis-Regular.otf */; };
		9E5FD6F226073996008EB927 /* Metropolis-ExtraBold.otf in Resources */ = {isa = PBXBuildFile; fileRef = 9E5FD6E026073995008EB927 /* Metropolis-ExtraBold.otf */; };
		9E5FD6F326073996008EB927 /* Metropolis-Black.otf in Resources */ = {isa = PBXBuildFile; fileRef = 9E5FD6E126073995008EB927 /* Metropolis-Black.otf */; };
		9E5FD6F426073996008EB927 /* Metropolis-BlackItalic.otf in Resources */ = {isa = PBXBuildFile; fileRef = 9E5FD6E226073995008EB927 /* Metropolis-BlackItalic.otf */; };
		9E5FD6F526073996008EB927 /* Metropolis-Medium.otf in Resources */ = {isa = PBXBuildFile; fileRef = 9E5FD6E326073995008EB927 /* Metropolis-Medium.otf */; };
		9E5FD6F626073996008EB927 /* Metropolis-RegularItalic.otf in Resources */ = {isa = PBXBuildFile; fileRef = 9E5FD6E426073995008EB927 /* Metropolis-RegularItalic.otf */; };
		9E5FD6F726073996008EB927 /* Metropolis-ThinItalic.otf in Resources */ = {isa = PBXBuildFile; fileRef = 9E5FD6E526073995008EB927 /* Metropolis-ThinItalic.otf */; };
		9E5FD6F826073996008EB927 /* Metropolis-SemiBold.otf in Resources */ = {isa = PBXBuildFile; fileRef = 9E5FD6E626073995008EB927 /* Metropolis-SemiBold.otf */; };
		9E5FD6F926073996008EB927 /* Metropolis-MediumItalic.otf in Resources */ = {isa = PBXBuildFile; fileRef = 9E5FD6E726073995008EB927 /* Metropolis-MediumItalic.otf */; };
		9E5FD6FA26073996008EB927 /* Metropolis-Light.otf in Resources */ = {isa = PBXBuildFile; fileRef = 9E5FD6E826073996008EB927 /* Metropolis-Light.otf */; };
		9E5FD6FB26073996008EB927 /* Metropolis-Thin.otf in Resources */ = {isa = PBXBuildFile; fileRef = 9E5FD6E926073996008EB927 /* Metropolis-Thin.otf */; };
		9E5FD6FC26073996008EB927 /* Metropolis-Bold.otf in Resources */ = {isa = PBXBuildFile; fileRef = 9E5FD6EA26073996008EB927 /* Metropolis-Bold.otf */; };
		9E5FD6FD26073996008EB927 /* Metropolis-ExtraLight.otf in Resources */ = {isa = PBXBuildFile; fileRef = 9E5FD6EB26073996008EB927 /* Metropolis-ExtraLight.otf */; };
		9E5FD6FE26073996008EB927 /* Metropolis-SemiBoldItalic.otf in Resources */ = {isa = PBXBuildFile; fileRef = 9E5FD6EC26073996008EB927 /* Metropolis-SemiBoldItalic.otf */; };
		9E5FD6FF26073996008EB927 /* Metropolis-BoldItalic.otf in Resources */ = {isa = PBXBuildFile; fileRef = 9E5FD6ED26073996008EB927 /* Metropolis-BoldItalic.otf */; };
		9E5FD70326078C06008EB927 /* RoutineListViewModel.swift in Sources */ = {isa = PBXBuildFile; fileRef = 9E5FD70226078C06008EB927 /* RoutineListViewModel.swift */; };
		9E5FD7072607979C008EB927 /* MyRoutineListItemTableViewCell.swift in Sources */ = {isa = PBXBuildFile; fileRef = 9E5FD7062607979C008EB927 /* MyRoutineListItemTableViewCell.swift */; };
		9E5FF5A9269A14D8000EAF7B /* Protocol.swift in Sources */ = {isa = PBXBuildFile; fileRef = 9E5FF5A8269A14D8000EAF7B /* Protocol.swift */; };
		9E65113F2698AFFD00C60D15 /* ToDo.swift in Sources */ = {isa = PBXBuildFile; fileRef = 9E65113E2698AFFD00C60D15 /* ToDo.swift */; };
		9E6760C925F0BF8900436D5C /* Login.storyboard in Resources */ = {isa = PBXBuildFile; fileRef = 9E6760C825F0BF8900436D5C /* Login.storyboard */; };
		9E6760CC25F0BF9900436D5C /* LoginVC.swift in Sources */ = {isa = PBXBuildFile; fileRef = 9E6760CB25F0BF9900436D5C /* LoginVC.swift */; };
		9EC0DAF825EEB9D1007D04D0 /* AppDelegate.swift in Sources */ = {isa = PBXBuildFile; fileRef = 9EC0DAF725EEB9D1007D04D0 /* AppDelegate.swift */; };
		9EC0DAFA25EEB9D1007D04D0 /* SceneDelegate.swift in Sources */ = {isa = PBXBuildFile; fileRef = 9EC0DAF925EEB9D1007D04D0 /* SceneDelegate.swift */; };
		9EC0DAFF25EEB9D1007D04D0 /* Main.storyboard in Resources */ = {isa = PBXBuildFile; fileRef = 9EC0DAFD25EEB9D1007D04D0 /* Main.storyboard */; };
		9EC0DB0125EEB9D4007D04D0 /* Assets.xcassets in Resources */ = {isa = PBXBuildFile; fileRef = 9EC0DB0025EEB9D4007D04D0 /* Assets.xcassets */; };
		9EC0DB0425EEB9D4007D04D0 /* LaunchScreen.storyboard in Resources */ = {isa = PBXBuildFile; fileRef = 9EC0DB0225EEB9D4007D04D0 /* LaunchScreen.storyboard */; };
		9EC0DB1125EEBA5E007D04D0 /* UILabel+Extension.swift in Sources */ = {isa = PBXBuildFile; fileRef = 9EC0DB1025EEBA5E007D04D0 /* UILabel+Extension.swift */; };
		9EC2E0772631DD9400EF2F7E /* EditRoutine.storyboard in Resources */ = {isa = PBXBuildFile; fileRef = 9EC2E0762631DD9400EF2F7E /* EditRoutine.storyboard */; };
		9EC2E07A2631DDAA00EF2F7E /* EditRoutineVC.swift in Sources */ = {isa = PBXBuildFile; fileRef = 9EC2E0792631DDAA00EF2F7E /* EditRoutineVC.swift */; };
		9EC2E07E2631DDBA00EF2F7E /* EditRoutineVM.swift in Sources */ = {isa = PBXBuildFile; fileRef = 9EC2E07D2631DDBA00EF2F7E /* EditRoutineVM.swift */; };
		9EC2E0822631E45100EF2F7E /* WeekCollectionViewCell.swift in Sources */ = {isa = PBXBuildFile; fileRef = 9EC2E0812631E45100EF2F7E /* WeekCollectionViewCell.swift */; };
		9ED56E4B26A34BF100E1DEBF /* RoutineData.swift in Sources */ = {isa = PBXBuildFile; fileRef = 9ED56E4A26A34BF100E1DEBF /* RoutineData.swift */; };
		9ED56E4F26A355A800E1DEBF /* RoutineService.swift in Sources */ = {isa = PBXBuildFile; fileRef = 9ED56E4E26A355A800E1DEBF /* RoutineService.swift */; };
		9EFE6AFF26A7370500064CAB /* ViewCategoryVC.swift in Sources */ = {isa = PBXBuildFile; fileRef = 9EFE6AFE26A7370500064CAB /* ViewCategoryVC.swift */; };
		9EFE6B0126A7371300064CAB /* CreateCategoryVC.swift in Sources */ = {isa = PBXBuildFile; fileRef = 9EFE6B0026A7371300064CAB /* CreateCategoryVC.swift */; };
		D1D3DB72D1F06283179933DC /* Pods_WeekFlex.framework in Frameworks */ = {isa = PBXBuildFile; fileRef = CECC27CC3F70764AB88A16B0 /* Pods_WeekFlex.framework */; };
		D203ABE8283641E1008FCB62 /* (null) in Frameworks */ = {isa = PBXBuildFile; };
		D203ABEA28364BEB008FCB62 /* MyTopTipView.swift in Sources */ = {isa = PBXBuildFile; fileRef = D203ABE928364BEB008FCB62 /* MyTopTipView.swift */; };
		D203ABED28364CA9008FCB62 /* SnapKit in Frameworks */ = {isa = PBXBuildFile; productRef = D203ABEC28364CA9008FCB62 /* SnapKit */; };
		D2E46F9F28A0F0E8001A883A /* Enum.swift in Sources */ = {isa = PBXBuildFile; fileRef = D2E46F9E28A0F0E8001A883A /* Enum.swift */; };
/* End PBXBuildFile section */

/* Begin PBXFileReference section */
		0E26212025F8CB14007D28F0 /* TableViewCell.swift */ = {isa = PBXFileReference; lastKnownFileType = sourcecode.swift; path = TableViewCell.swift; sourceTree = "<group>"; };
		0E26212125F8CB14007D28F0 /* TableViewCell.xib */ = {isa = PBXFileReference; lastKnownFileType = file.xib; path = TableViewCell.xib; sourceTree = "<group>"; };
		0E26216026014B0B007D28F0 /* TaskListView.xib */ = {isa = PBXFileReference; lastKnownFileType = file.xib; path = TaskListView.xib; sourceTree = "<group>"; };
		0E26216326014B23007D28F0 /* TaskListView.swift */ = {isa = PBXFileReference; lastKnownFileType = sourcecode.swift; path = TaskListView.swift; sourceTree = "<group>"; };
		0E26A858274C0AD30069A779 /* EditPopUpVC.swift */ = {isa = PBXFileReference; lastKnownFileType = sourcecode.swift; path = EditPopUpVC.swift; sourceTree = "<group>"; };
		0E30E47926737B380002EFDD /* ReviewCell.swift */ = {isa = PBXFileReference; lastKnownFileType = sourcecode.swift; path = ReviewCell.swift; sourceTree = "<group>"; };
		0E30E47A26737B380002EFDD /* ReviewCell.xib */ = {isa = PBXFileReference; lastKnownFileType = file.xib; path = ReviewCell.xib; sourceTree = "<group>"; };
		0E30E480267492B00002EFDD /* ReviewCellViewModel.swift */ = {isa = PBXFileReference; lastKnownFileType = sourcecode.swift; path = ReviewCellViewModel.swift; sourceTree = "<group>"; };
		0E7952D5260A65F500345659 /* UIView+Extension.swift */ = {isa = PBXFileReference; lastKnownFileType = sourcecode.swift; path = "UIView+Extension.swift"; sourceTree = "<group>"; };
		0E7952EE2610B4A500345659 /* MainRoutineListViewModel.swift */ = {isa = PBXFileReference; lastKnownFileType = sourcecode.swift; path = MainRoutineListViewModel.swift; sourceTree = "<group>"; };
		0E7953302613B4E100345659 /* MainHomeViewModel.swift */ = {isa = PBXFileReference; lastKnownFileType = sourcecode.swift; path = MainHomeViewModel.swift; sourceTree = "<group>"; };
		0E795357261F6D0900345659 /* CalendarCell.swift */ = {isa = PBXFileReference; lastKnownFileType = sourcecode.swift; path = CalendarCell.swift; sourceTree = "<group>"; };
		0EAD6A1525F26D45001BD490 /* MainHome.storyboard */ = {isa = PBXFileReference; lastKnownFileType = file.storyboard; path = MainHome.storyboard; sourceTree = "<group>"; };
		0EAD6A1825F2A107001BD490 /* MainHomeVC.swift */ = {isa = PBXFileReference; lastKnownFileType = sourcecode.swift; path = MainHomeVC.swift; sourceTree = "<group>"; };
		0EB2A024279550A5007E5E57 /* DeleteAccount.storyboard */ = {isa = PBXFileReference; lastKnownFileType = file.storyboard; path = DeleteAccount.storyboard; sourceTree = "<group>"; };
		0EB4A4FD282EC3F900CE4E70 /* Storage.swift */ = {isa = PBXFileReference; lastKnownFileType = sourcecode.swift; path = Storage.swift; sourceTree = "<group>"; };
		0EB4A5122839324000CE4E70 /* TokenData.swift */ = {isa = PBXFileReference; lastKnownFileType = sourcecode.swift; path = TokenData.swift; sourceTree = "<group>"; };
		0EBADDCE2699E4B7007A9323 /* DailyData.swift */ = {isa = PBXFileReference; lastKnownFileType = sourcecode.swift; path = DailyData.swift; sourceTree = "<group>"; };
		0EBADE12269F637D007A9323 /* Collection+Extension.swift */ = {isa = PBXFileReference; lastKnownFileType = sourcecode.swift; path = "Collection+Extension.swift"; sourceTree = "<group>"; };
		0EBF3C7A2665127A006A65C9 /* DeleteReasonVC.swift */ = {isa = PBXFileReference; lastKnownFileType = sourcecode.swift; path = DeleteReasonVC.swift; sourceTree = "<group>"; };
		0EC381B3266D189A00438A74 /* Review.storyboard */ = {isa = PBXFileReference; lastKnownFileType = file.storyboard; path = Review.storyboard; sourceTree = "<group>"; };
		0EC381B6266D18C700438A74 /* ReviewHomeVC.swift */ = {isa = PBXFileReference; lastKnownFileType = sourcecode.swift; path = ReviewHomeVC.swift; sourceTree = "<group>"; };
		0ECB0708270B3C78005F766D /* MyPageHomeVC.swift */ = {isa = PBXFileReference; lastKnownFileType = sourcecode.swift; path = MyPageHomeVC.swift; sourceTree = "<group>"; };
		0ECB070B270CD900005F766D /* ProfileData.swift */ = {isa = PBXFileReference; lastKnownFileType = sourcecode.swift; path = ProfileData.swift; sourceTree = "<group>"; };
		0ECB070E2713F0DE005F766D /* RetrospectionData.swift */ = {isa = PBXFileReference; lastKnownFileType = sourcecode.swift; path = RetrospectionData.swift; sourceTree = "<group>"; };
		0ED11293265FD56500677330 /* MyPage.storyboard */ = {isa = PBXFileReference; lastKnownFileType = file.storyboard; path = MyPage.storyboard; sourceTree = "<group>"; };
		0ED1129726623B2800677330 /* DeleteAccountVC.swift */ = {isa = PBXFileReference; lastKnownFileType = sourcecode.swift; path = DeleteAccountVC.swift; sourceTree = "<group>"; };
		0EFC974726C25330003877B0 /* TodayTaskCell.swift */ = {isa = PBXFileReference; lastKnownFileType = sourcecode.swift; path = TodayTaskCell.swift; sourceTree = "<group>"; };
		0EFC974A26C258FB003877B0 /* TodayTaskCell.xib */ = {isa = PBXFileReference; lastKnownFileType = file.xib; path = TodayTaskCell.xib; sourceTree = "<group>"; };
		2D282EC526A779EE00A53F8E /* SimpleData.swift */ = {isa = PBXFileReference; lastKnownFileType = sourcecode.swift; path = SimpleData.swift; sourceTree = "<group>"; };
		2D282EC826A9FC2A00A53F8E /* TabBarVC.swift */ = {isa = PBXFileReference; lastKnownFileType = sourcecode.swift; path = TabBarVC.swift; sourceTree = "<group>"; };
		2D282ECA26A9FC3C00A53F8E /* TabBar.storyboard */ = {isa = PBXFileReference; lastKnownFileType = file.storyboard; path = TabBar.storyboard; sourceTree = "<group>"; };
		45A572E8848738C512AB106E /* Pods-WeekFlex.debug.xcconfig */ = {isa = PBXFileReference; includeInIndex = 1; lastKnownFileType = text.xcconfig; name = "Pods-WeekFlex.debug.xcconfig"; path = "Target Support Files/Pods-WeekFlex/Pods-WeekFlex.debug.xcconfig"; sourceTree = "<group>"; };
		9B02562226A9A75200234098 /* UIString+Extension.swift */ = {isa = PBXFileReference; lastKnownFileType = sourcecode.swift; path = "UIString+Extension.swift"; sourceTree = "<group>"; };
		9B02562E26A9C2C300234098 /* MakeRoutineData.swift */ = {isa = PBXFileReference; lastKnownFileType = sourcecode.swift; path = MakeRoutineData.swift; sourceTree = "<group>"; };
		9B0A49FC26D9399B003CBA71 /* CategoryStarCell.swift */ = {isa = PBXFileReference; lastKnownFileType = sourcecode.swift; path = CategoryStarCell.swift; sourceTree = "<group>"; };
		9B0A49FF26D94C08003CBA71 /* RoutineStarCell.swift */ = {isa = PBXFileReference; lastKnownFileType = sourcecode.swift; path = RoutineStarCell.swift; sourceTree = "<group>"; };
		9B1041912607594800746FCF /* SelectToDoVC.swift */ = {isa = PBXFileReference; lastKnownFileType = sourcecode.swift; path = SelectToDoVC.swift; sourceTree = "<group>"; };
		9B1041AB26076BA900746FCF /* CategoryCell.swift */ = {isa = PBXFileReference; lastKnownFileType = sourcecode.swift; path = CategoryCell.swift; sourceTree = "<group>"; };
		9B161F012797E98300897B53 /* SplashVC.swift */ = {isa = PBXFileReference; lastKnownFileType = sourcecode.swift; path = SplashVC.swift; sourceTree = "<group>"; };
		9B161F032797EA1A00897B53 /* Splash.json */ = {isa = PBXFileReference; fileEncoding = 4; lastKnownFileType = text.json; path = Splash.json; sourceTree = "<group>"; };
		9B29162F279F037A00D643A1 /* UIWindow+Extension.swift */ = {isa = PBXFileReference; lastKnownFileType = sourcecode.swift; path = "UIWindow+Extension.swift"; sourceTree = "<group>"; };
		9B340A0A2611BECE0082BB7B /* MakeRoutineNameVC.swift */ = {isa = PBXFileReference; lastKnownFileType = sourcecode.swift; path = MakeRoutineNameVC.swift; sourceTree = "<group>"; };
		9B566D9F2711699900243304 /* SelectCharacterVC.swift */ = {isa = PBXFileReference; lastKnownFileType = sourcecode.swift; path = SelectCharacterVC.swift; sourceTree = "<group>"; };
		9B566DA127116ADE00243304 /* SelectIconCell.swift */ = {isa = PBXFileReference; lastKnownFileType = sourcecode.swift; path = SelectIconCell.swift; sourceTree = "<group>"; };
		9B56E847260884E800EC9969 /* RoutineCell.swift */ = {isa = PBXFileReference; lastKnownFileType = sourcecode.swift; path = RoutineCell.swift; sourceTree = "<group>"; };
		9B56E8762609D7B600EC9969 /* SelectedRoutineCell.swift */ = {isa = PBXFileReference; lastKnownFileType = sourcecode.swift; path = SelectedRoutineCell.swift; sourceTree = "<group>"; };
		9B56E8792609D90800EC9969 /* SelectedCollectionViewCellViewModel.swift */ = {isa = PBXFileReference; lastKnownFileType = sourcecode.swift; path = SelectedCollectionViewCellViewModel.swift; sourceTree = "<group>"; };
		9B7B080427156E8700AB423B /* WriteRetrospectionVC.swift */ = {isa = PBXFileReference; lastKnownFileType = sourcecode.swift; path = WriteRetrospectionVC.swift; sourceTree = "<group>"; };
		9B7EA067270DCBBF00C07401 /* AchievementData.swift */ = {isa = PBXFileReference; lastKnownFileType = sourcecode.swift; path = AchievementData.swift; sourceTree = "<group>"; };
		9B98763426D243AE00EF218D /* Retrospection_m.storyboard */ = {isa = PBXFileReference; lastKnownFileType = file.storyboard; path = Retrospection_m.storyboard; sourceTree = "<group>"; };
		9B9EEFEE2698920E00FA0B5C /* CategoryData.swift */ = {isa = PBXFileReference; lastKnownFileType = sourcecode.swift; path = CategoryData.swift; sourceTree = "<group>"; };
		9B9EEFF226989FA800FA0B5C /* TaskData.swift */ = {isa = PBXFileReference; lastKnownFileType = sourcecode.swift; path = TaskData.swift; sourceTree = "<group>"; };
		9BB52E7B25F0C2F6001C63E5 /* UIFont+Extension.swift */ = {isa = PBXFileReference; lastKnownFileType = sourcecode.swift; path = "UIFont+Extension.swift"; sourceTree = "<group>"; };
		9BC81A9F25FA80CB001B1D83 /* AddRoutine.storyboard */ = {isa = PBXFileReference; lastKnownFileType = file.storyboard; path = AddRoutine.storyboard; sourceTree = "<group>"; };
		9BE0BFF12684D5D100E2FEDC /* NetworkResult.swift */ = {isa = PBXFileReference; lastKnownFileType = sourcecode.swift; path = NetworkResult.swift; sourceTree = "<group>"; };
		9BE0BFF42684D60000E2FEDC /* APITarget.swift */ = {isa = PBXFileReference; lastKnownFileType = sourcecode.swift; path = APITarget.swift; sourceTree = "<group>"; };
		9BE0BFF82684DE3700E2FEDC /* GenericResponse.swift */ = {isa = PBXFileReference; lastKnownFileType = sourcecode.swift; path = GenericResponse.swift; sourceTree = "<group>"; };
		9BE0BFFC2684DFFD00E2FEDC /* SimpleResponse.swift */ = {isa = PBXFileReference; lastKnownFileType = sourcecode.swift; path = SimpleResponse.swift; sourceTree = "<group>"; };
		9BE0BFFF2684E19F00E2FEDC /* APIService.swift */ = {isa = PBXFileReference; lastKnownFileType = sourcecode.swift; path = APIService.swift; sourceTree = "<group>"; };
		9BEFD54726A2AE1B00FD9112 /* LeftAlignFlowLayout.swift */ = {isa = PBXFileReference; lastKnownFileType = sourcecode.swift; path = LeftAlignFlowLayout.swift; sourceTree = "<group>"; };
		9BEFD55726A32EA200FD9112 /* CheckRoutineVC.swift */ = {isa = PBXFileReference; lastKnownFileType = sourcecode.swift; path = CheckRoutineVC.swift; sourceTree = "<group>"; };
		9BEFD55A26A334F400FD9112 /* UIButton+Extension.swift */ = {isa = PBXFileReference; lastKnownFileType = sourcecode.swift; path = "UIButton+Extension.swift"; sourceTree = "<group>"; };
		9BEFD55D26A3488300FD9112 /* CheckRoutineCell.swift */ = {isa = PBXFileReference; lastKnownFileType = sourcecode.swift; path = CheckRoutineCell.swift; sourceTree = "<group>"; };
		9BFABB5526D7A68C0005AA2B /* WeekStarCell.swift */ = {isa = PBXFileReference; lastKnownFileType = sourcecode.swift; path = WeekStarCell.swift; sourceTree = "<group>"; };
		9BFABB5B26D7B0980005AA2B /* DayRetrospectionVC.swift */ = {isa = PBXFileReference; lastKnownFileType = sourcecode.swift; path = DayRetrospectionVC.swift; sourceTree = "<group>"; };
		9E0FFB9826A8366300EB0428 /* CategoryVM.swift */ = {isa = PBXFileReference; lastKnownFileType = sourcecode.swift; path = CategoryVM.swift; sourceTree = "<group>"; };
		9E0FFB9A26A836B800EB0428 /* CategoryTableViewCell.swift */ = {isa = PBXFileReference; lastKnownFileType = sourcecode.swift; path = CategoryTableViewCell.swift; sourceTree = "<group>"; };
		9E0FFB9C26A83A4400EB0428 /* CategoryDataWithoutID.swift */ = {isa = PBXFileReference; lastKnownFileType = sourcecode.swift; path = CategoryDataWithoutID.swift; sourceTree = "<group>"; };
		9E0FFB9F26A8403500EB0428 /* CategoryService.swift */ = {isa = PBXFileReference; lastKnownFileType = sourcecode.swift; path = CategoryService.swift; sourceTree = "<group>"; };
		9E0FFBA126A8784F00EB0428 /* ColorCategoryTableViewCell.swift */ = {isa = PBXFileReference; lastKnownFileType = sourcecode.swift; path = ColorCategoryTableViewCell.swift; sourceTree = "<group>"; };
		9E39AF7E263B497F001A2321 /* EditRoutineTimeVC.swift */ = {isa = PBXFileReference; lastKnownFileType = sourcecode.swift; path = EditRoutineTimeVC.swift; sourceTree = "<group>"; };
		9E57244E26A9D8BA0084C3BD /* CreateTodoResponseData.swift */ = {isa = PBXFileReference; lastKnownFileType = sourcecode.swift; path = CreateTodoResponseData.swift; sourceTree = "<group>"; };
		9E57245026A9D9610084C3BD /* TodoService.swift */ = {isa = PBXFileReference; lastKnownFileType = sourcecode.swift; path = TodoService.swift; sourceTree = "<group>"; };
		9E5FD60125F4CAD6008EB927 /* MyRoutine.storyboard */ = {isa = PBXFileReference; lastKnownFileType = file.storyboard; path = MyRoutine.storyboard; sourceTree = "<group>"; };
		9E5FD60825F4CB33008EB927 /* MyRoutineListVC.swift */ = {isa = PBXFileReference; lastKnownFileType = sourcecode.swift; path = MyRoutineListVC.swift; sourceTree = "<group>"; wrapsLines = 0; };
		9E5FD66426045B0C008EB927 /* UIColor+Extension.swift */ = {isa = PBXFileReference; lastKnownFileType = sourcecode.swift; path = "UIColor+Extension.swift"; sourceTree = "<group>"; };
		9E5FD6DC26073995008EB927 /* Metropolis-ExtraLightItalic.otf */ = {isa = PBXFileReference; lastKnownFileType = file; path = "Metropolis-ExtraLightItalic.otf"; sourceTree = "<group>"; };
		9E5FD6DD26073995008EB927 /* Metropolis-ExtraBoldItalic.otf */ = {isa = PBXFileReference; lastKnownFileType = file; path = "Metropolis-ExtraBoldItalic.otf"; sourceTree = "<group>"; };
		9E5FD6DE26073995008EB927 /* Metropolis-LightItalic.otf */ = {isa = PBXFileReference; lastKnownFileType = file; path = "Metropolis-LightItalic.otf"; sourceTree = "<group>"; };
		9E5FD6DF26073995008EB927 /* Metropolis-Regular.otf */ = {isa = PBXFileReference; lastKnownFileType = file; path = "Metropolis-Regular.otf"; sourceTree = "<group>"; };
		9E5FD6E026073995008EB927 /* Metropolis-ExtraBold.otf */ = {isa = PBXFileReference; lastKnownFileType = file; path = "Metropolis-ExtraBold.otf"; sourceTree = "<group>"; };
		9E5FD6E126073995008EB927 /* Metropolis-Black.otf */ = {isa = PBXFileReference; lastKnownFileType = file; path = "Metropolis-Black.otf"; sourceTree = "<group>"; };
		9E5FD6E226073995008EB927 /* Metropolis-BlackItalic.otf */ = {isa = PBXFileReference; lastKnownFileType = file; path = "Metropolis-BlackItalic.otf"; sourceTree = "<group>"; };
		9E5FD6E326073995008EB927 /* Metropolis-Medium.otf */ = {isa = PBXFileReference; lastKnownFileType = file; path = "Metropolis-Medium.otf"; sourceTree = "<group>"; };
		9E5FD6E426073995008EB927 /* Metropolis-RegularItalic.otf */ = {isa = PBXFileReference; lastKnownFileType = file; path = "Metropolis-RegularItalic.otf"; sourceTree = "<group>"; };
		9E5FD6E526073995008EB927 /* Metropolis-ThinItalic.otf */ = {isa = PBXFileReference; lastKnownFileType = file; path = "Metropolis-ThinItalic.otf"; sourceTree = "<group>"; };
		9E5FD6E626073995008EB927 /* Metropolis-SemiBold.otf */ = {isa = PBXFileReference; lastKnownFileType = file; path = "Metropolis-SemiBold.otf"; sourceTree = "<group>"; };
		9E5FD6E726073995008EB927 /* Metropolis-MediumItalic.otf */ = {isa = PBXFileReference; lastKnownFileType = file; path = "Metropolis-MediumItalic.otf"; sourceTree = "<group>"; };
		9E5FD6E826073996008EB927 /* Metropolis-Light.otf */ = {isa = PBXFileReference; lastKnownFileType = file; path = "Metropolis-Light.otf"; sourceTree = "<group>"; };
		9E5FD6E926073996008EB927 /* Metropolis-Thin.otf */ = {isa = PBXFileReference; lastKnownFileType = file; path = "Metropolis-Thin.otf"; sourceTree = "<group>"; };
		9E5FD6EA26073996008EB927 /* Metropolis-Bold.otf */ = {isa = PBXFileReference; lastKnownFileType = file; path = "Metropolis-Bold.otf"; sourceTree = "<group>"; };
		9E5FD6EB26073996008EB927 /* Metropolis-ExtraLight.otf */ = {isa = PBXFileReference; lastKnownFileType = file; path = "Metropolis-ExtraLight.otf"; sourceTree = "<group>"; };
		9E5FD6EC26073996008EB927 /* Metropolis-SemiBoldItalic.otf */ = {isa = PBXFileReference; lastKnownFileType = file; path = "Metropolis-SemiBoldItalic.otf"; sourceTree = "<group>"; };
		9E5FD6ED26073996008EB927 /* Metropolis-BoldItalic.otf */ = {isa = PBXFileReference; lastKnownFileType = file; path = "Metropolis-BoldItalic.otf"; sourceTree = "<group>"; };
		9E5FD70226078C06008EB927 /* RoutineListViewModel.swift */ = {isa = PBXFileReference; lastKnownFileType = sourcecode.swift; path = RoutineListViewModel.swift; sourceTree = "<group>"; };
		9E5FD7062607979C008EB927 /* MyRoutineListItemTableViewCell.swift */ = {isa = PBXFileReference; lastKnownFileType = sourcecode.swift; path = MyRoutineListItemTableViewCell.swift; sourceTree = "<group>"; };
		9E5FF5A8269A14D8000EAF7B /* Protocol.swift */ = {isa = PBXFileReference; lastKnownFileType = sourcecode.swift; path = Protocol.swift; sourceTree = "<group>"; };
		9E65113E2698AFFD00C60D15 /* ToDo.swift */ = {isa = PBXFileReference; lastKnownFileType = sourcecode.swift; path = ToDo.swift; sourceTree = "<group>"; };
		9E6760C425F0BD0900436D5C /* WeekFlex.entitlements */ = {isa = PBXFileReference; lastKnownFileType = text.plist.entitlements; path = WeekFlex.entitlements; sourceTree = "<group>"; };
		9E6760C825F0BF8900436D5C /* Login.storyboard */ = {isa = PBXFileReference; lastKnownFileType = file.storyboard; path = Login.storyboard; sourceTree = "<group>"; };
		9E6760CB25F0BF9900436D5C /* LoginVC.swift */ = {isa = PBXFileReference; lastKnownFileType = sourcecode.swift; path = LoginVC.swift; sourceTree = "<group>"; };
		9EC0DAF425EEB9D1007D04D0 /* WeekFlex.app */ = {isa = PBXFileReference; explicitFileType = wrapper.application; includeInIndex = 0; path = WeekFlex.app; sourceTree = BUILT_PRODUCTS_DIR; };
		9EC0DAF725EEB9D1007D04D0 /* AppDelegate.swift */ = {isa = PBXFileReference; lastKnownFileType = sourcecode.swift; path = AppDelegate.swift; sourceTree = "<group>"; };
		9EC0DAF925EEB9D1007D04D0 /* SceneDelegate.swift */ = {isa = PBXFileReference; lastKnownFileType = sourcecode.swift; path = SceneDelegate.swift; sourceTree = "<group>"; };
		9EC0DAFE25EEB9D1007D04D0 /* Base */ = {isa = PBXFileReference; lastKnownFileType = file.storyboard; name = Base; path = Base.lproj/Main.storyboard; sourceTree = "<group>"; };
		9EC0DB0025EEB9D4007D04D0 /* Assets.xcassets */ = {isa = PBXFileReference; lastKnownFileType = folder.assetcatalog; path = Assets.xcassets; sourceTree = "<group>"; };
		9EC0DB0325EEB9D4007D04D0 /* Base */ = {isa = PBXFileReference; lastKnownFileType = file.storyboard; name = Base; path = Base.lproj/LaunchScreen.storyboard; sourceTree = "<group>"; };
		9EC0DB0525EEB9D4007D04D0 /* Info.plist */ = {isa = PBXFileReference; lastKnownFileType = text.plist.xml; path = Info.plist; sourceTree = "<group>"; };
		9EC0DB1025EEBA5E007D04D0 /* UILabel+Extension.swift */ = {isa = PBXFileReference; lastKnownFileType = sourcecode.swift; path = "UILabel+Extension.swift"; sourceTree = "<group>"; };
		9EC2E0762631DD9400EF2F7E /* EditRoutine.storyboard */ = {isa = PBXFileReference; lastKnownFileType = file.storyboard; path = EditRoutine.storyboard; sourceTree = "<group>"; };
		9EC2E0792631DDAA00EF2F7E /* EditRoutineVC.swift */ = {isa = PBXFileReference; lastKnownFileType = sourcecode.swift; path = EditRoutineVC.swift; sourceTree = "<group>"; };
		9EC2E07D2631DDBA00EF2F7E /* EditRoutineVM.swift */ = {isa = PBXFileReference; lastKnownFileType = sourcecode.swift; path = EditRoutineVM.swift; sourceTree = "<group>"; };
		9EC2E0812631E45100EF2F7E /* WeekCollectionViewCell.swift */ = {isa = PBXFileReference; lastKnownFileType = sourcecode.swift; path = WeekCollectionViewCell.swift; sourceTree = "<group>"; };
		9ED56E4A26A34BF100E1DEBF /* RoutineData.swift */ = {isa = PBXFileReference; lastKnownFileType = sourcecode.swift; path = RoutineData.swift; sourceTree = "<group>"; };
		9ED56E4E26A355A800E1DEBF /* RoutineService.swift */ = {isa = PBXFileReference; lastKnownFileType = sourcecode.swift; path = RoutineService.swift; sourceTree = "<group>"; };
		9EFE6AFE26A7370500064CAB /* ViewCategoryVC.swift */ = {isa = PBXFileReference; lastKnownFileType = sourcecode.swift; path = ViewCategoryVC.swift; sourceTree = "<group>"; };
		9EFE6B0026A7371300064CAB /* CreateCategoryVC.swift */ = {isa = PBXFileReference; lastKnownFileType = sourcecode.swift; path = CreateCategoryVC.swift; sourceTree = "<group>"; };
		CECC27CC3F70764AB88A16B0 /* Pods_WeekFlex.framework */ = {isa = PBXFileReference; explicitFileType = wrapper.framework; includeInIndex = 0; path = Pods_WeekFlex.framework; sourceTree = BUILT_PRODUCTS_DIR; };
		D203ABE928364BEB008FCB62 /* MyTopTipView.swift */ = {isa = PBXFileReference; lastKnownFileType = sourcecode.swift; path = MyTopTipView.swift; sourceTree = "<group>"; };
		D2E46F9E28A0F0E8001A883A /* Enum.swift */ = {isa = PBXFileReference; lastKnownFileType = sourcecode.swift; path = Enum.swift; sourceTree = "<group>"; };
		E69A384642D50E1D9D0EAF1A /* Pods-WeekFlex.release.xcconfig */ = {isa = PBXFileReference; includeInIndex = 1; lastKnownFileType = text.xcconfig; name = "Pods-WeekFlex.release.xcconfig"; path = "Target Support Files/Pods-WeekFlex/Pods-WeekFlex.release.xcconfig"; sourceTree = "<group>"; };
/* End PBXFileReference section */

/* Begin PBXFrameworksBuildPhase section */
		9EC0DAF125EEB9D1007D04D0 /* Frameworks */ = {
			isa = PBXFrameworksBuildPhase;
			buildActionMask = 2147483647;
			files = (
				D203ABED28364CA9008FCB62 /* SnapKit in Frameworks */,
				D1D3DB72D1F06283179933DC /* Pods_WeekFlex.framework in Frameworks */,
				D203ABE8283641E1008FCB62 /* (null) in Frameworks */,
			);
			runOnlyForDeploymentPostprocessing = 0;
		};
/* End PBXFrameworksBuildPhase section */

/* Begin PBXGroup section */
		0E26211F25F8CAC1007D28F0 /* Cell */ = {
			isa = PBXGroup;
			children = (
				0E26212025F8CB14007D28F0 /* TableViewCell.swift */,
				0E26212125F8CB14007D28F0 /* TableViewCell.xib */,
				0E26216026014B0B007D28F0 /* TaskListView.xib */,
				0E26216326014B23007D28F0 /* TaskListView.swift */,
				0E795357261F6D0900345659 /* CalendarCell.swift */,
				0EFC974726C25330003877B0 /* TodayTaskCell.swift */,
				0EFC974A26C258FB003877B0 /* TodayTaskCell.xib */,
			);
			path = Cell;
			sourceTree = "<group>";
		};
		0E30E474267379CD0002EFDD /* Cell */ = {
			isa = PBXGroup;
			children = (
				0E30E47926737B380002EFDD /* ReviewCell.swift */,
				0E30E47A26737B380002EFDD /* ReviewCell.xib */,
			);
			path = Cell;
			sourceTree = "<group>";
		};
		0E30E47F2674926D0002EFDD /* ViewModel */ = {
			isa = PBXGroup;
			children = (
				0E30E480267492B00002EFDD /* ReviewCellViewModel.swift */,
			);
			path = ViewModel;
			sourceTree = "<group>";
		};
		0E7953072611CF2400345659 /* Recovered References */ = {
			isa = PBXGroup;
			children = (
			);
			name = "Recovered References";
			sourceTree = "<group>";
		};
		0EAD6A1225F25E8C001BD490 /* MainHome */ = {
			isa = PBXGroup;
			children = (
				0E26211F25F8CAC1007D28F0 /* Cell */,
				0EAD6A2725F4D004001BD490 /* ViewModel */,
				0EAD6A1425F26D1A001BD490 /* ViewController */,
				0EAD6A1325F26D0A001BD490 /* Storyboard */,
			);
			path = MainHome;
			sourceTree = "<group>";
		};
		0EAD6A1325F26D0A001BD490 /* Storyboard */ = {
			isa = PBXGroup;
			children = (
				0EAD6A1525F26D45001BD490 /* MainHome.storyboard */,
			);
			path = Storyboard;
			sourceTree = "<group>";
		};
		0EAD6A1425F26D1A001BD490 /* ViewController */ = {
			isa = PBXGroup;
			children = (
				0EAD6A1825F2A107001BD490 /* MainHomeVC.swift */,
				0E26A858274C0AD30069A779 /* EditPopUpVC.swift */,
			);
			path = ViewController;
			sourceTree = "<group>";
		};
		0EAD6A2725F4D004001BD490 /* ViewModel */ = {
			isa = PBXGroup;
			children = (
				0E7952EE2610B4A500345659 /* MainRoutineListViewModel.swift */,
				0E7953302613B4E100345659 /* MainHomeViewModel.swift */,
			);
			path = ViewModel;
			sourceTree = "<group>";
		};
		0EB2A02127955053007E5E57 /* DeleteAccount */ = {
			isa = PBXGroup;
			children = (
				0EB2A02227955066007E5E57 /* ViewController */,
				0EB2A0232795506E007E5E57 /* Storyboard */,
			);
			path = DeleteAccount;
			sourceTree = "<group>";
		};
		0EB2A02227955066007E5E57 /* ViewController */ = {
			isa = PBXGroup;
			children = (
				0ED1129726623B2800677330 /* DeleteAccountVC.swift */,
				0EBF3C7A2665127A006A65C9 /* DeleteReasonVC.swift */,
			);
			path = ViewController;
			sourceTree = "<group>";
		};
		0EB2A0232795506E007E5E57 /* Storyboard */ = {
			isa = PBXGroup;
			children = (
				0EB2A024279550A5007E5E57 /* DeleteAccount.storyboard */,
			);
			path = Storyboard;
			sourceTree = "<group>";
		};
		0EC381B0266D185B00438A74 /* Review */ = {
			isa = PBXGroup;
			children = (
				0E30E47F2674926D0002EFDD /* ViewModel */,
				0E30E474267379CD0002EFDD /* Cell */,
				0EC381B2266D188100438A74 /* Storyboard */,
				0EC381B1266D187800438A74 /* ViewController */,
			);
			path = Review;
			sourceTree = "<group>";
		};
		0EC381B1266D187800438A74 /* ViewController */ = {
			isa = PBXGroup;
			children = (
				0EC381B6266D18C700438A74 /* ReviewHomeVC.swift */,
			);
			path = ViewController;
			sourceTree = "<group>";
		};
		0EC381B2266D188100438A74 /* Storyboard */ = {
			isa = PBXGroup;
			children = (
				0EC381B3266D189A00438A74 /* Review.storyboard */,
			);
			path = Storyboard;
			sourceTree = "<group>";
		};
		0ED11289265FD4B200677330 /* MyPage */ = {
			isa = PBXGroup;
			children = (
				0ED1129626623B0E00677330 /* ViewController */,
				0ED1128A265FD4BC00677330 /* Storyboard */,
			);
			path = MyPage;
			sourceTree = "<group>";
		};
		0ED1128A265FD4BC00677330 /* Storyboard */ = {
			isa = PBXGroup;
			children = (
				0ED11293265FD56500677330 /* MyPage.storyboard */,
			);
			path = Storyboard;
			sourceTree = "<group>";
		};
		0ED1129626623B0E00677330 /* ViewController */ = {
			isa = PBXGroup;
			children = (
				0ECB0708270B3C78005F766D /* MyPageHomeVC.swift */,
			);
			path = ViewController;
			sourceTree = "<group>";
		};
		2D282EC726A9FB8200A53F8E /* Tabbar */ = {
			isa = PBXGroup;
			children = (
				2D282EC826A9FC2A00A53F8E /* TabBarVC.swift */,
				2D282ECA26A9FC3C00A53F8E /* TabBar.storyboard */,
			);
			path = Tabbar;
			sourceTree = "<group>";
		};
		5B0EC4BF602B2818AB901AEE /* Pods */ = {
			isa = PBXGroup;
			children = (
				45A572E8848738C512AB106E /* Pods-WeekFlex.debug.xcconfig */,
				E69A384642D50E1D9D0EAF1A /* Pods-WeekFlex.release.xcconfig */,
			);
			path = Pods;
			sourceTree = "<group>";
		};
		89C830E0284170263E9F022C /* Frameworks */ = {
			isa = PBXGroup;
			children = (
				CECC27CC3F70764AB88A16B0 /* Pods_WeekFlex.framework */,
			);
			name = Frameworks;
			sourceTree = "<group>";
		};
		9B1041902607591900746FCF /* ViewController */ = {
			isa = PBXGroup;
			children = (
				9B1041912607594800746FCF /* SelectToDoVC.swift */,
				9B340A0A2611BECE0082BB7B /* MakeRoutineNameVC.swift */,
				9BEFD55726A32EA200FD9112 /* CheckRoutineVC.swift */,
			);
			path = ViewController;
			sourceTree = "<group>";
		};
		9B1041A526076B7C00746FCF /* Cell */ = {
			isa = PBXGroup;
			children = (
				9B1041AB26076BA900746FCF /* CategoryCell.swift */,
				9B56E847260884E800EC9969 /* RoutineCell.swift */,
				9B56E8762609D7B600EC9969 /* SelectedRoutineCell.swift */,
				9BEFD54726A2AE1B00FD9112 /* LeftAlignFlowLayout.swift */,
				9BEFD55D26A3488300FD9112 /* CheckRoutineCell.swift */,
			);
			path = Cell;
			sourceTree = "<group>";
		};
		9B56E84D26089FCD00EC9969 /* ViewModel */ = {
			isa = PBXGroup;
			children = (
				9B56E8792609D90800EC9969 /* SelectedCollectionViewCellViewModel.swift */,
			);
			path = ViewModel;
			sourceTree = "<group>";
		};
		9B98763126D2437300EF218D /* Retrospection_m */ = {
			isa = PBXGroup;
			children = (
				9BFABB5326D7A66D0005AA2B /* Cell */,
				9B98763726D243B100EF218D /* ViewController */,
				9B98763226D243A000EF218D /* Storyboard */,
			);
			path = Retrospection_m;
			sourceTree = "<group>";
		};
		9B98763226D243A000EF218D /* Storyboard */ = {
			isa = PBXGroup;
			children = (
				9B98763426D243AE00EF218D /* Retrospection_m.storyboard */,
			);
			path = Storyboard;
			sourceTree = "<group>";
		};
		9B98763726D243B100EF218D /* ViewController */ = {
			isa = PBXGroup;
			children = (
				9BFABB5B26D7B0980005AA2B /* DayRetrospectionVC.swift */,
				9B566D9F2711699900243304 /* SelectCharacterVC.swift */,
				9B7B080427156E8700AB423B /* WriteRetrospectionVC.swift */,
			);
			path = ViewController;
			sourceTree = "<group>";
		};
		9BC81A9D25FA80AD001B1D83 /* AddRoutine */ = {
			isa = PBXGroup;
			children = (
				9B56E84D26089FCD00EC9969 /* ViewModel */,
				9B1041A526076B7C00746FCF /* Cell */,
				9B1041902607591900746FCF /* ViewController */,
				9BC81A9E25FA80B2001B1D83 /* Storyboard */,
			);
			path = AddRoutine;
			sourceTree = "<group>";
		};
		9BC81A9E25FA80B2001B1D83 /* Storyboard */ = {
			isa = PBXGroup;
			children = (
				9BC81A9F25FA80CB001B1D83 /* AddRoutine.storyboard */,
			);
			path = Storyboard;
			sourceTree = "<group>";
		};
		9BE0BFF02684D5C100E2FEDC /* Service */ = {
			isa = PBXGroup;
			children = (
				9BE0BFF12684D5D100E2FEDC /* NetworkResult.swift */,
				9BE0BFF42684D60000E2FEDC /* APITarget.swift */,
				9BE0BFFF2684E19F00E2FEDC /* APIService.swift */,
			);
			path = Service;
			sourceTree = "<group>";
		};
		9BE0BFF72684DE1500E2FEDC /* Model */ = {
			isa = PBXGroup;
			children = (
				9BE0BFF82684DE3700E2FEDC /* GenericResponse.swift */,
				9BE0BFFC2684DFFD00E2FEDC /* SimpleResponse.swift */,
				9B9EEFEE2698920E00FA0B5C /* CategoryData.swift */,
				2D282EC526A779EE00A53F8E /* SimpleData.swift */,
				9B9EEFF226989FA800FA0B5C /* TaskData.swift */,
				0EBADDCE2699E4B7007A9323 /* DailyData.swift */,
				9ED56E4A26A34BF100E1DEBF /* RoutineData.swift */,
				9B02562E26A9C2C300234098 /* MakeRoutineData.swift */,
				9E57244E26A9D8BA0084C3BD /* CreateTodoResponseData.swift */,
				0ECB070B270CD900005F766D /* ProfileData.swift */,
				0ECB070E2713F0DE005F766D /* RetrospectionData.swift */,
				9B7EA067270DCBBF00C07401 /* AchievementData.swift */,
				D203ABE928364BEB008FCB62 /* MyTopTipView.swift */,
				0EB4A5122839324000CE4E70 /* TokenData.swift */,
				0EB4A4FD282EC3F900CE4E70 /* Storage.swift */,
			);
			path = Model;
			sourceTree = "<group>";
		};
		9BFABB5326D7A66D0005AA2B /* Cell */ = {
			isa = PBXGroup;
			children = (
				9BFABB5526D7A68C0005AA2B /* WeekStarCell.swift */,
				9B0A49FC26D9399B003CBA71 /* CategoryStarCell.swift */,
				9B0A49FF26D94C08003CBA71 /* RoutineStarCell.swift */,
				9B566DA127116ADE00243304 /* SelectIconCell.swift */,
			);
			path = Cell;
			sourceTree = "<group>";
		};
		9E0FFB9E26A8402400EB0428 /* Service */ = {
			isa = PBXGroup;
			children = (
				9E0FFB9F26A8403500EB0428 /* CategoryService.swift */,
				9E57245026A9D9610084C3BD /* TodoService.swift */,
			);
			path = Service;
			sourceTree = "<group>";
		};
		9E5FD5FE25F4CABB008EB927 /* MyRoutine */ = {
			isa = PBXGroup;
			children = (
				9ED56E4C26A3559100E1DEBF /* Service */,
				9E5FD7052607977E008EB927 /* Cell */,
				9E5FD70126078BF3008EB927 /* ViewModel */,
				9E5FD60025F4CAC6008EB927 /* ViewController */,
				9E5FD5FF25F4CAC1008EB927 /* Storyboard */,
			);
			path = MyRoutine;
			sourceTree = "<group>";
		};
		9E5FD5FF25F4CAC1008EB927 /* Storyboard */ = {
			isa = PBXGroup;
			children = (
				9E5FD60125F4CAD6008EB927 /* MyRoutine.storyboard */,
			);
			path = Storyboard;
			sourceTree = "<group>";
		};
		9E5FD60025F4CAC6008EB927 /* ViewController */ = {
			isa = PBXGroup;
			children = (
				9E5FD60825F4CB33008EB927 /* MyRoutineListVC.swift */,
			);
			path = ViewController;
			sourceTree = "<group>";
		};
		9E5FD6C926073958008EB927 /* Font */ = {
			isa = PBXGroup;
			children = (
				9E5FD6E126073995008EB927 /* Metropolis-Black.otf */,
				9E5FD6E226073995008EB927 /* Metropolis-BlackItalic.otf */,
				9E5FD6EA26073996008EB927 /* Metropolis-Bold.otf */,
				9E5FD6ED26073996008EB927 /* Metropolis-BoldItalic.otf */,
				9E5FD6E026073995008EB927 /* Metropolis-ExtraBold.otf */,
				9E5FD6DD26073995008EB927 /* Metropolis-ExtraBoldItalic.otf */,
				9E5FD6EB26073996008EB927 /* Metropolis-ExtraLight.otf */,
				9E5FD6DC26073995008EB927 /* Metropolis-ExtraLightItalic.otf */,
				9E5FD6E826073996008EB927 /* Metropolis-Light.otf */,
				9E5FD6DE26073995008EB927 /* Metropolis-LightItalic.otf */,
				9E5FD6E326073995008EB927 /* Metropolis-Medium.otf */,
				9E5FD6E726073995008EB927 /* Metropolis-MediumItalic.otf */,
				9E5FD6DF26073995008EB927 /* Metropolis-Regular.otf */,
				9E5FD6E426073995008EB927 /* Metropolis-RegularItalic.otf */,
				9E5FD6E626073995008EB927 /* Metropolis-SemiBold.otf */,
				9E5FD6EC26073996008EB927 /* Metropolis-SemiBoldItalic.otf */,
				9E5FD6E926073996008EB927 /* Metropolis-Thin.otf */,
				9E5FD6E526073995008EB927 /* Metropolis-ThinItalic.otf */,
			);
			path = Font;
			sourceTree = "<group>";
		};
		9E5FD70126078BF3008EB927 /* ViewModel */ = {
			isa = PBXGroup;
			children = (
				9E5FD70226078C06008EB927 /* RoutineListViewModel.swift */,
			);
			path = ViewModel;
			sourceTree = "<group>";
		};
		9E5FD7052607977E008EB927 /* Cell */ = {
			isa = PBXGroup;
			children = (
				9E5FD7062607979C008EB927 /* MyRoutineListItemTableViewCell.swift */,
			);
			path = Cell;
			sourceTree = "<group>";
		};
		9E5FF5A7269A0E20000EAF7B /* Protocol */ = {
			isa = PBXGroup;
			children = (
				9E5FF5A8269A14D8000EAF7B /* Protocol.swift */,
				D2E46F9E28A0F0E8001A883A /* Enum.swift */,
			);
			path = Protocol;
			sourceTree = "<group>";
		};
		9E65113D2698AFED00C60D15 /* Model */ = {
			isa = PBXGroup;
			children = (
				9E65113E2698AFFD00C60D15 /* ToDo.swift */,
				9E0FFB9C26A83A4400EB0428 /* CategoryDataWithoutID.swift */,
			);
			path = Model;
			sourceTree = "<group>";
		};
		9E6760C525F0BF6B00436D5C /* Login */ = {
			isa = PBXGroup;
			children = (
				9E6760C725F0BF7800436D5C /* ViewController */,
				9E6760C625F0BF7100436D5C /* Storyboard */,
			);
			path = Login;
			sourceTree = "<group>";
		};
		9E6760C625F0BF7100436D5C /* Storyboard */ = {
			isa = PBXGroup;
			children = (
				9E6760C825F0BF8900436D5C /* Login.storyboard */,
			);
			path = Storyboard;
			sourceTree = "<group>";
		};
		9E6760C725F0BF7800436D5C /* ViewController */ = {
			isa = PBXGroup;
			children = (
				9B161F032797EA1A00897B53 /* Splash.json */,
				9E6760CB25F0BF9900436D5C /* LoginVC.swift */,
				9B161F012797E98300897B53 /* SplashVC.swift */,
			);
			path = ViewController;
			sourceTree = "<group>";
		};
		9EC0DAEB25EEB9D1007D04D0 = {
			isa = PBXGroup;
			children = (
				9EC0DAF625EEB9D1007D04D0 /* WeekFlex */,
				9EC0DAF525EEB9D1007D04D0 /* Products */,
				5B0EC4BF602B2818AB901AEE /* Pods */,
				89C830E0284170263E9F022C /* Frameworks */,
				0E7953072611CF2400345659 /* Recovered References */,
			);
			sourceTree = "<group>";
		};
		9EC0DAF525EEB9D1007D04D0 /* Products */ = {
			isa = PBXGroup;
			children = (
				9EC0DAF425EEB9D1007D04D0 /* WeekFlex.app */,
			);
			name = Products;
			sourceTree = "<group>";
		};
		9EC0DAF625EEB9D1007D04D0 /* WeekFlex */ = {
			isa = PBXGroup;
			children = (
				9E6760C425F0BD0900436D5C /* WeekFlex.entitlements */,
				9EC0DB0525EEB9D4007D04D0 /* Info.plist */,
				9EC0DB1325EEBAED007D04D0 /* Screen */,
				9EC0DB0E25EEBA23007D04D0 /* Global */,
				9EC0DB0C25EEB9F7007D04D0 /* Support */,
			);
			path = WeekFlex;
			sourceTree = "<group>";
		};
		9EC0DB0C25EEB9F7007D04D0 /* Support */ = {
			isa = PBXGroup;
			children = (
				9E5FD6C926073958008EB927 /* Font */,
				9EC0DB0025EEB9D4007D04D0 /* Assets.xcassets */,
				9EC0DB0D25EEB9FC007D04D0 /* Delegate */,
			);
			path = Support;
			sourceTree = "<group>";
		};
		9EC0DB0D25EEB9FC007D04D0 /* Delegate */ = {
			isa = PBXGroup;
			children = (
				9EC0DAF725EEB9D1007D04D0 /* AppDelegate.swift */,
				9EC0DAF925EEB9D1007D04D0 /* SceneDelegate.swift */,
				9EC0DAFD25EEB9D1007D04D0 /* Main.storyboard */,
				9EC0DB0225EEB9D4007D04D0 /* LaunchScreen.storyboard */,
			);
			path = Delegate;
			sourceTree = "<group>";
		};
		9EC0DB0E25EEBA23007D04D0 /* Global */ = {
			isa = PBXGroup;
			children = (
				9E5FF5A7269A0E20000EAF7B /* Protocol */,
				9BE0BFF72684DE1500E2FEDC /* Model */,
				9BE0BFF02684D5C100E2FEDC /* Service */,
				9EC0DB0F25EEBA29007D04D0 /* Extension */,
			);
			path = Global;
			sourceTree = "<group>";
		};
		9EC0DB0F25EEBA29007D04D0 /* Extension */ = {
			isa = PBXGroup;
			children = (
				9EC0DB1025EEBA5E007D04D0 /* UILabel+Extension.swift */,
				9BB52E7B25F0C2F6001C63E5 /* UIFont+Extension.swift */,
				9E5FD66426045B0C008EB927 /* UIColor+Extension.swift */,
				0E7952D5260A65F500345659 /* UIView+Extension.swift */,
				0EBADE12269F637D007A9323 /* Collection+Extension.swift */,
				9BEFD55A26A334F400FD9112 /* UIButton+Extension.swift */,
				9B02562226A9A75200234098 /* UIString+Extension.swift */,
				9B29162F279F037A00D643A1 /* UIWindow+Extension.swift */,
			);
			path = Extension;
			sourceTree = "<group>";
		};
		9EC0DB1325EEBAED007D04D0 /* Screen */ = {
			isa = PBXGroup;
			children = (
				0EB2A02127955053007E5E57 /* DeleteAccount */,
				9B98763126D2437300EF218D /* Retrospection_m */,
				2D282EC726A9FB8200A53F8E /* Tabbar */,
				9EC2E0732631DD3000EF2F7E /* EditRoutine */,
				0EC381B0266D185B00438A74 /* Review */,
				0ED11289265FD4B200677330 /* MyPage */,
				0EAD6A1225F25E8C001BD490 /* MainHome */,
				9BC81A9D25FA80AD001B1D83 /* AddRoutine */,
				9E5FD5FE25F4CABB008EB927 /* MyRoutine */,
				9E6760C525F0BF6B00436D5C /* Login */,
			);
			path = Screen;
			sourceTree = "<group>";
		};
		9EC2E0732631DD3000EF2F7E /* EditRoutine */ = {
			isa = PBXGroup;
			children = (
				9E0FFB9E26A8402400EB0428 /* Service */,
				9E65113D2698AFED00C60D15 /* Model */,
				9EC2E0802631E43800EF2F7E /* Cell */,
				9EC2E07C2631DDAF00EF2F7E /* ViewModel */,
				9EC2E0752631DD7E00EF2F7E /* Storyboard */,
				9EC2E0742631DD7800EF2F7E /* ViewController */,
			);
			path = EditRoutine;
			sourceTree = "<group>";
		};
		9EC2E0742631DD7800EF2F7E /* ViewController */ = {
			isa = PBXGroup;
			children = (
				9EC2E0792631DDAA00EF2F7E /* EditRoutineVC.swift */,
				9E39AF7E263B497F001A2321 /* EditRoutineTimeVC.swift */,
				9EFE6AFE26A7370500064CAB /* ViewCategoryVC.swift */,
				9EFE6B0026A7371300064CAB /* CreateCategoryVC.swift */,
			);
			path = ViewController;
			sourceTree = "<group>";
		};
		9EC2E0752631DD7E00EF2F7E /* Storyboard */ = {
			isa = PBXGroup;
			children = (
				9EC2E0762631DD9400EF2F7E /* EditRoutine.storyboard */,
			);
			path = Storyboard;
			sourceTree = "<group>";
		};
		9EC2E07C2631DDAF00EF2F7E /* ViewModel */ = {
			isa = PBXGroup;
			children = (
				9EC2E07D2631DDBA00EF2F7E /* EditRoutineVM.swift */,
				9E0FFB9826A8366300EB0428 /* CategoryVM.swift */,
			);
			path = ViewModel;
			sourceTree = "<group>";
		};
		9EC2E0802631E43800EF2F7E /* Cell */ = {
			isa = PBXGroup;
			children = (
				9EC2E0812631E45100EF2F7E /* WeekCollectionViewCell.swift */,
				9E0FFB9A26A836B800EB0428 /* CategoryTableViewCell.swift */,
				9E0FFBA126A8784F00EB0428 /* ColorCategoryTableViewCell.swift */,
			);
			path = Cell;
			sourceTree = "<group>";
		};
		9ED56E4C26A3559100E1DEBF /* Service */ = {
			isa = PBXGroup;
			children = (
				9ED56E4E26A355A800E1DEBF /* RoutineService.swift */,
			);
			path = Service;
			sourceTree = "<group>";
		};
/* End PBXGroup section */

/* Begin PBXNativeTarget section */
		9EC0DAF325EEB9D1007D04D0 /* WeekFlex */ = {
			isa = PBXNativeTarget;
			buildConfigurationList = 9EC0DB0825EEB9D4007D04D0 /* Build configuration list for PBXNativeTarget "WeekFlex" */;
			buildPhases = (
				35513A8EADA502A189DFBEC0 /* [CP] Check Pods Manifest.lock */,
				9EC0DAF025EEB9D1007D04D0 /* Sources */,
				9EC0DAF125EEB9D1007D04D0 /* Frameworks */,
				9EC0DAF225EEB9D1007D04D0 /* Resources */,
				467596973065279362E87030 /* [CP] Embed Pods Frameworks */,
			);
			buildRules = (
			);
			dependencies = (
			);
			name = WeekFlex;
			packageProductDependencies = (
				D203ABEC28364CA9008FCB62 /* SnapKit */,
			);
			productName = WeekFlex;
			productReference = 9EC0DAF425EEB9D1007D04D0 /* WeekFlex.app */;
			productType = "com.apple.product-type.application";
		};
/* End PBXNativeTarget section */

/* Begin PBXProject section */
		9EC0DAEC25EEB9D1007D04D0 /* Project object */ = {
			isa = PBXProject;
			attributes = {
				LastSwiftUpdateCheck = 1240;
				LastUpgradeCheck = 1240;
				TargetAttributes = {
					9EC0DAF325EEB9D1007D04D0 = {
						CreatedOnToolsVersion = 12.4;
					};
				};
			};
			buildConfigurationList = 9EC0DAEF25EEB9D1007D04D0 /* Build configuration list for PBXProject "WeekFlex" */;
			compatibilityVersion = "Xcode 9.3";
			developmentRegion = en;
			hasScannedForEncodings = 0;
			knownRegions = (
				en,
				Base,
			);
			mainGroup = 9EC0DAEB25EEB9D1007D04D0;
			packageReferences = (
				D203ABEB28364CA9008FCB62 /* XCRemoteSwiftPackageReference "SnapKit" */,
				0E4B0DA52810863400013B58 /* XCRemoteSwiftPackageReference "kakao-ios-sdk" */,
			);
			productRefGroup = 9EC0DAF525EEB9D1007D04D0 /* Products */;
			projectDirPath = "";
			projectRoot = "";
			targets = (
				9EC0DAF325EEB9D1007D04D0 /* WeekFlex */,
			);
		};
/* End PBXProject section */

/* Begin PBXResourcesBuildPhase section */
		9EC0DAF225EEB9D1007D04D0 /* Resources */ = {
			isa = PBXResourcesBuildPhase;
			buildActionMask = 2147483647;
			files = (
				0EB2A025279550A5007E5E57 /* DeleteAccount.storyboard in Resources */,
				9BC81AA025FA80CB001B1D83 /* AddRoutine.storyboard in Resources */,
				9E5FD6FA26073996008EB927 /* Metropolis-Light.otf in Resources */,
				9E5FD6F726073996008EB927 /* Metropolis-ThinItalic.otf in Resources */,
				9E5FD6F526073996008EB927 /* Metropolis-Medium.otf in Resources */,
				9B161F042797EA1A00897B53 /* Splash.json in Resources */,
				9E5FD6F326073996008EB927 /* Metropolis-Black.otf in Resources */,
				9E5FD6F626073996008EB927 /* Metropolis-RegularItalic.otf in Resources */,
				9EC2E0772631DD9400EF2F7E /* EditRoutine.storyboard in Resources */,
				9E6760C925F0BF8900436D5C /* Login.storyboard in Resources */,
				0E26212325F8CB14007D28F0 /* TableViewCell.xib in Resources */,
				9EC0DB0425EEB9D4007D04D0 /* LaunchScreen.storyboard in Resources */,
				9E5FD6F026073996008EB927 /* Metropolis-LightItalic.otf in Resources */,
				9E5FD6F926073996008EB927 /* Metropolis-MediumItalic.otf in Resources */,
				0ED11294265FD56500677330 /* MyPage.storyboard in Resources */,
				9E5FD6FD26073996008EB927 /* Metropolis-ExtraLight.otf in Resources */,
				9B98763526D243AE00EF218D /* Retrospection_m.storyboard in Resources */,
				9EC0DB0125EEB9D4007D04D0 /* Assets.xcassets in Resources */,
				9E5FD6FC26073996008EB927 /* Metropolis-Bold.otf in Resources */,
				9E5FD6FE26073996008EB927 /* Metropolis-SemiBoldItalic.otf in Resources */,
				9E5FD6F826073996008EB927 /* Metropolis-SemiBold.otf in Resources */,
				9E5FD60225F4CAD6008EB927 /* MyRoutine.storyboard in Resources */,
				0EC381B4266D189A00438A74 /* Review.storyboard in Resources */,
				2D282ECB26A9FC3C00A53F8E /* TabBar.storyboard in Resources */,
				9E5FD6FF26073996008EB927 /* Metropolis-BoldItalic.otf in Resources */,
				9E5FD6F126073996008EB927 /* Metropolis-Regular.otf in Resources */,
				9E5FD6F426073996008EB927 /* Metropolis-BlackItalic.otf in Resources */,
				9EC0DAFF25EEB9D1007D04D0 /* Main.storyboard in Resources */,
				0E26216126014B0B007D28F0 /* TaskListView.xib in Resources */,
				0E30E47C26737B380002EFDD /* ReviewCell.xib in Resources */,
				0EAD6A1625F26D45001BD490 /* MainHome.storyboard in Resources */,
				9E5FD6F226073996008EB927 /* Metropolis-ExtraBold.otf in Resources */,
				9E5FD6EE26073996008EB927 /* Metropolis-ExtraLightItalic.otf in Resources */,
				9E5FD6FB26073996008EB927 /* Metropolis-Thin.otf in Resources */,
				0EFC974B26C258FB003877B0 /* TodayTaskCell.xib in Resources */,
				9E5FD6EF26073996008EB927 /* Metropolis-ExtraBoldItalic.otf in Resources */,
			);
			runOnlyForDeploymentPostprocessing = 0;
		};
/* End PBXResourcesBuildPhase section */

/* Begin PBXShellScriptBuildPhase section */
		35513A8EADA502A189DFBEC0 /* [CP] Check Pods Manifest.lock */ = {
			isa = PBXShellScriptBuildPhase;
			buildActionMask = 2147483647;
			files = (
			);
			inputFileListPaths = (
			);
			inputPaths = (
				"${PODS_PODFILE_DIR_PATH}/Podfile.lock",
				"${PODS_ROOT}/Manifest.lock",
			);
			name = "[CP] Check Pods Manifest.lock";
			outputFileListPaths = (
			);
			outputPaths = (
				"$(DERIVED_FILE_DIR)/Pods-WeekFlex-checkManifestLockResult.txt",
			);
			runOnlyForDeploymentPostprocessing = 0;
			shellPath = /bin/sh;
			shellScript = "diff \"${PODS_PODFILE_DIR_PATH}/Podfile.lock\" \"${PODS_ROOT}/Manifest.lock\" > /dev/null\nif [ $? != 0 ] ; then\n    # print error to STDERR\n    echo \"error: The sandbox is not in sync with the Podfile.lock. Run 'pod install' or update your CocoaPods installation.\" >&2\n    exit 1\nfi\n# This output is used by Xcode 'outputs' to avoid re-running this script phase.\necho \"SUCCESS\" > \"${SCRIPT_OUTPUT_FILE_0}\"\n";
			showEnvVarsInLog = 0;
		};
		467596973065279362E87030 /* [CP] Embed Pods Frameworks */ = {
			isa = PBXShellScriptBuildPhase;
			buildActionMask = 2147483647;
			files = (
			);
			inputFileListPaths = (
				"${PODS_ROOT}/Target Support Files/Pods-WeekFlex/Pods-WeekFlex-frameworks-${CONFIGURATION}-input-files.xcfilelist",
			);
			name = "[CP] Embed Pods Frameworks";
			outputFileListPaths = (
				"${PODS_ROOT}/Target Support Files/Pods-WeekFlex/Pods-WeekFlex-frameworks-${CONFIGURATION}-output-files.xcfilelist",
			);
			runOnlyForDeploymentPostprocessing = 0;
			shellPath = /bin/sh;
			shellScript = "\"${PODS_ROOT}/Target Support Files/Pods-WeekFlex/Pods-WeekFlex-frameworks.sh\"\n";
			showEnvVarsInLog = 0;
		};
/* End PBXShellScriptBuildPhase section */

/* Begin PBXSourcesBuildPhase section */
		9EC0DAF025EEB9D1007D04D0 /* Sources */ = {
			isa = PBXSourcesBuildPhase;
			buildActionMask = 2147483647;
			files = (
				9EC0DB1125EEBA5E007D04D0 /* UILabel+Extension.swift in Sources */,
				9E5FD7072607979C008EB927 /* MyRoutineListItemTableViewCell.swift in Sources */,
				9EC2E0822631E45100EF2F7E /* WeekCollectionViewCell.swift in Sources */,
				0EAD6A1925F2A107001BD490 /* MainHomeVC.swift in Sources */,
				9B7EA068270DCBBF00C07401 /* AchievementData.swift in Sources */,
				D2E46F9F28A0F0E8001A883A /* Enum.swift in Sources */,
				0E26216426014B23007D28F0 /* TaskListView.swift in Sources */,
				0E26212225F8CB14007D28F0 /* TableViewCell.swift in Sources */,
				0ED1129826623B2800677330 /* DeleteAccountVC.swift in Sources */,
				9E0FFB9B26A836B800EB0428 /* CategoryTableViewCell.swift in Sources */,
				9BEFD54826A2AE1B00FD9112 /* LeftAlignFlowLayout.swift in Sources */,
				9EC0DAF825EEB9D1007D04D0 /* AppDelegate.swift in Sources */,
				0EBF3C7B2665127A006A65C9 /* DeleteReasonVC.swift in Sources */,
				9BEFD55E26A3488300FD9112 /* CheckRoutineCell.swift in Sources */,
				9E0FFBA026A8403500EB0428 /* CategoryService.swift in Sources */,
				0E7952D6260A65F500345659 /* UIView+Extension.swift in Sources */,
				9E5FD7072607979C008EB927 /* MyRoutineListItemTableViewCell.swift in Sources */,
				9E0FFB9D26A83A4400EB0428 /* CategoryDataWithoutID.swift in Sources */,
				9ED56E4B26A34BF100E1DEBF /* RoutineData.swift in Sources */,
				9B1041922607594800746FCF /* SelectToDoVC.swift in Sources */,
				9BE0BFF52684D60000E2FEDC /* APITarget.swift in Sources */,
				9BE0BFF92684DE3700E2FEDC /* GenericResponse.swift in Sources */,
				0E795358261F6D0900345659 /* CalendarCell.swift in Sources */,
				9B9EEFF326989FA800FA0B5C /* TaskData.swift in Sources */,
				9B02562F26A9C2C300234098 /* MakeRoutineData.swift in Sources */,
				9B1041AC26076BA900746FCF /* CategoryCell.swift in Sources */,
				9E57245126A9D9610084C3BD /* TodoService.swift in Sources */,
				9BE0BFFD2684DFFD00E2FEDC /* SimpleResponse.swift in Sources */,
				9B1041922607594800746FCF /* SelectToDoVC.swift in Sources */,
				9B1041AC26076BA900746FCF /* CategoryCell.swift in Sources */,
				0ECB070F2713F0DE005F766D /* RetrospectionData.swift in Sources */,
				9B340A0B2611BECE0082BB7B /* MakeRoutineNameVC.swift in Sources */,
				9BE0C0002684E19F00E2FEDC /* APIService.swift in Sources */,
				9EC0DAF825EEB9D1007D04D0 /* AppDelegate.swift in Sources */,
				0EB4A4FE282EC3F900CE4E70 /* Storage.swift in Sources */,
				9B0A4A0026D94C08003CBA71 /* RoutineStarCell.swift in Sources */,
				0EB4A5132839324000CE4E70 /* TokenData.swift in Sources */,
				9BEFD55B26A334F400FD9112 /* UIButton+Extension.swift in Sources */,
				9B56E848260884E800EC9969 /* RoutineCell.swift in Sources */,
				9EC2E07A2631DDAA00EF2F7E /* EditRoutineVC.swift in Sources */,
				9E65113F2698AFFD00C60D15 /* ToDo.swift in Sources */,
				9B291630279F037A00D643A1 /* UIWindow+Extension.swift in Sources */,
				9BFABB5726D7A68C0005AA2B /* WeekStarCell.swift in Sources */,
				D203ABEA28364BEB008FCB62 /* MyTopTipView.swift in Sources */,
				9BE0BFF22684D5D100E2FEDC /* NetworkResult.swift in Sources */,
				9E0FFB9926A8366300EB0428 /* CategoryVM.swift in Sources */,
				0E30E481267492B00002EFDD /* ReviewCellViewModel.swift in Sources */,
				9EFE6AFF26A7370500064CAB /* ViewCategoryVC.swift in Sources */,
				0EBADDCF2699E4B7007A9323 /* DailyData.swift in Sources */,
				0EBADE13269F637D007A9323 /* Collection+Extension.swift in Sources */,
				9B7B080527156E8700AB423B /* WriteRetrospectionVC.swift in Sources */,
				9BB52E7C25F0C2F6001C63E5 /* UIFont+Extension.swift in Sources */,
				9E57244F26A9D8BA0084C3BD /* CreateTodoResponseData.swift in Sources */,
				0EC381B7266D18C700438A74 /* ReviewHomeVC.swift in Sources */,
				9B56E8772609D7B600EC9969 /* SelectedRoutineCell.swift in Sources */,
				9ED56E4F26A355A800E1DEBF /* RoutineService.swift in Sources */,
				0ECB070C270CD900005F766D /* ProfileData.swift in Sources */,
				9B566DA227116ADE00243304 /* SelectIconCell.swift in Sources */,
				9E5FD70326078C06008EB927 /* RoutineListViewModel.swift in Sources */,
				9E5FD70326078C06008EB927 /* RoutineListViewModel.swift in Sources */,
				2D282EC926A9FC2A00A53F8E /* TabBarVC.swift in Sources */,
				9EFE6B0126A7371300064CAB /* CreateCategoryVC.swift in Sources */,
				9B02562326A9A75200234098 /* UIString+Extension.swift in Sources */,
				9E0FFBA226A8784F00EB0428 /* ColorCategoryTableViewCell.swift in Sources */,
				0ECB0709270B3C78005F766D /* MyPageHomeVC.swift in Sources */,
				9B161F022797E98300897B53 /* SplashVC.swift in Sources */,
				9EC2E07E2631DDBA00EF2F7E /* EditRoutineVM.swift in Sources */,
				9B566DA02711699900243304 /* SelectCharacterVC.swift in Sources */,
				9BFABB5C26D7B0980005AA2B /* DayRetrospectionVC.swift in Sources */,
				9B56E87A2609D90800EC9969 /* SelectedCollectionViewCellViewModel.swift in Sources */,
				9B9EEFEF2698920E00FA0B5C /* CategoryData.swift in Sources */,
				0E30E47B26737B380002EFDD /* ReviewCell.swift in Sources */,
				9BEFD55826A32EA200FD9112 /* CheckRoutineVC.swift in Sources */,
				2D282EC626A779EE00A53F8E /* SimpleData.swift in Sources */,
				0E7953312613B4E100345659 /* MainHomeViewModel.swift in Sources */,
				0E26A859274C0AD30069A779 /* EditPopUpVC.swift in Sources */,
				0EFC974826C25330003877B0 /* TodayTaskCell.swift in Sources */,
				9E5FD66526045B0D008EB927 /* UIColor+Extension.swift in Sources */,
				9E39AF7F263B497F001A2321 /* EditRoutineTimeVC.swift in Sources */,
				9E5FF5A9269A14D8000EAF7B /* Protocol.swift in Sources */,
				9E5FD60925F4CB33008EB927 /* MyRoutineListVC.swift in Sources */,
				0E7952EF2610B4A500345659 /* MainRoutineListViewModel.swift in Sources */,
				9B0A49FD26D9399B003CBA71 /* CategoryStarCell.swift in Sources */,
				9EC0DAFA25EEB9D1007D04D0 /* SceneDelegate.swift in Sources */,
				9E6760CC25F0BF9900436D5C /* LoginVC.swift in Sources */,
			);
			runOnlyForDeploymentPostprocessing = 0;
		};
/* End PBXSourcesBuildPhase section */

/* Begin PBXVariantGroup section */
		9EC0DAFD25EEB9D1007D04D0 /* Main.storyboard */ = {
			isa = PBXVariantGroup;
			children = (
				9EC0DAFE25EEB9D1007D04D0 /* Base */,
			);
			name = Main.storyboard;
			sourceTree = "<group>";
		};
		9EC0DB0225EEB9D4007D04D0 /* LaunchScreen.storyboard */ = {
			isa = PBXVariantGroup;
			children = (
				9EC0DB0325EEB9D4007D04D0 /* Base */,
			);
			name = LaunchScreen.storyboard;
			sourceTree = "<group>";
		};
/* End PBXVariantGroup section */

/* Begin XCBuildConfiguration section */
		9EC0DB0625EEB9D4007D04D0 /* Debug */ = {
			isa = XCBuildConfiguration;
			buildSettings = {
				ALWAYS_SEARCH_USER_PATHS = NO;
				CLANG_ANALYZER_NONNULL = YES;
				CLANG_ANALYZER_NUMBER_OBJECT_CONVERSION = YES_AGGRESSIVE;
				CLANG_CXX_LANGUAGE_STANDARD = "gnu++14";
				CLANG_CXX_LIBRARY = "libc++";
				CLANG_ENABLE_MODULES = YES;
				CLANG_ENABLE_OBJC_ARC = YES;
				CLANG_ENABLE_OBJC_WEAK = YES;
				CLANG_WARN_BLOCK_CAPTURE_AUTORELEASING = YES;
				CLANG_WARN_BOOL_CONVERSION = YES;
				CLANG_WARN_COMMA = YES;
				CLANG_WARN_CONSTANT_CONVERSION = YES;
				CLANG_WARN_DEPRECATED_OBJC_IMPLEMENTATIONS = YES;
				CLANG_WARN_DIRECT_OBJC_ISA_USAGE = YES_ERROR;
				CLANG_WARN_DOCUMENTATION_COMMENTS = YES;
				CLANG_WARN_EMPTY_BODY = YES;
				CLANG_WARN_ENUM_CONVERSION = YES;
				CLANG_WARN_INFINITE_RECURSION = YES;
				CLANG_WARN_INT_CONVERSION = YES;
				CLANG_WARN_NON_LITERAL_NULL_CONVERSION = YES;
				CLANG_WARN_OBJC_IMPLICIT_RETAIN_SELF = YES;
				CLANG_WARN_OBJC_LITERAL_CONVERSION = YES;
				CLANG_WARN_OBJC_ROOT_CLASS = YES_ERROR;
				CLANG_WARN_QUOTED_INCLUDE_IN_FRAMEWORK_HEADER = YES;
				CLANG_WARN_RANGE_LOOP_ANALYSIS = YES;
				CLANG_WARN_STRICT_PROTOTYPES = YES;
				CLANG_WARN_SUSPICIOUS_MOVE = YES;
				CLANG_WARN_UNGUARDED_AVAILABILITY = YES_AGGRESSIVE;
				CLANG_WARN_UNREACHABLE_CODE = YES;
				CLANG_WARN__DUPLICATE_METHOD_MATCH = YES;
				COPY_PHASE_STRIP = NO;
				DEBUG_INFORMATION_FORMAT = dwarf;
				ENABLE_STRICT_OBJC_MSGSEND = YES;
				ENABLE_TESTABILITY = YES;
				GCC_C_LANGUAGE_STANDARD = gnu11;
				GCC_DYNAMIC_NO_PIC = NO;
				GCC_NO_COMMON_BLOCKS = YES;
				GCC_OPTIMIZATION_LEVEL = 0;
				GCC_PREPROCESSOR_DEFINITIONS = (
					"DEBUG=1",
					"$(inherited)",
				);
				GCC_WARN_64_TO_32_BIT_CONVERSION = YES;
				GCC_WARN_ABOUT_RETURN_TYPE = YES_ERROR;
				GCC_WARN_UNDECLARED_SELECTOR = YES;
				GCC_WARN_UNINITIALIZED_AUTOS = YES_AGGRESSIVE;
				GCC_WARN_UNUSED_FUNCTION = YES;
				GCC_WARN_UNUSED_VARIABLE = YES;
				IPHONEOS_DEPLOYMENT_TARGET = 13.0;
				MTL_ENABLE_DEBUG_INFO = INCLUDE_SOURCE;
				MTL_FAST_MATH = YES;
				ONLY_ACTIVE_ARCH = YES;
				SDKROOT = iphoneos;
				SWIFT_ACTIVE_COMPILATION_CONDITIONS = DEBUG;
				SWIFT_OPTIMIZATION_LEVEL = "-Onone";
			};
			name = Debug;
		};
		9EC0DB0725EEB9D4007D04D0 /* Release */ = {
			isa = XCBuildConfiguration;
			buildSettings = {
				ALWAYS_SEARCH_USER_PATHS = NO;
				CLANG_ANALYZER_NONNULL = YES;
				CLANG_ANALYZER_NUMBER_OBJECT_CONVERSION = YES_AGGRESSIVE;
				CLANG_CXX_LANGUAGE_STANDARD = "gnu++14";
				CLANG_CXX_LIBRARY = "libc++";
				CLANG_ENABLE_MODULES = YES;
				CLANG_ENABLE_OBJC_ARC = YES;
				CLANG_ENABLE_OBJC_WEAK = YES;
				CLANG_WARN_BLOCK_CAPTURE_AUTORELEASING = YES;
				CLANG_WARN_BOOL_CONVERSION = YES;
				CLANG_WARN_COMMA = YES;
				CLANG_WARN_CONSTANT_CONVERSION = YES;
				CLANG_WARN_DEPRECATED_OBJC_IMPLEMENTATIONS = YES;
				CLANG_WARN_DIRECT_OBJC_ISA_USAGE = YES_ERROR;
				CLANG_WARN_DOCUMENTATION_COMMENTS = YES;
				CLANG_WARN_EMPTY_BODY = YES;
				CLANG_WARN_ENUM_CONVERSION = YES;
				CLANG_WARN_INFINITE_RECURSION = YES;
				CLANG_WARN_INT_CONVERSION = YES;
				CLANG_WARN_NON_LITERAL_NULL_CONVERSION = YES;
				CLANG_WARN_OBJC_IMPLICIT_RETAIN_SELF = YES;
				CLANG_WARN_OBJC_LITERAL_CONVERSION = YES;
				CLANG_WARN_OBJC_ROOT_CLASS = YES_ERROR;
				CLANG_WARN_QUOTED_INCLUDE_IN_FRAMEWORK_HEADER = YES;
				CLANG_WARN_RANGE_LOOP_ANALYSIS = YES;
				CLANG_WARN_STRICT_PROTOTYPES = YES;
				CLANG_WARN_SUSPICIOUS_MOVE = YES;
				CLANG_WARN_UNGUARDED_AVAILABILITY = YES_AGGRESSIVE;
				CLANG_WARN_UNREACHABLE_CODE = YES;
				CLANG_WARN__DUPLICATE_METHOD_MATCH = YES;
				COPY_PHASE_STRIP = NO;
				DEBUG_INFORMATION_FORMAT = "dwarf-with-dsym";
				ENABLE_NS_ASSERTIONS = NO;
				ENABLE_STRICT_OBJC_MSGSEND = YES;
				GCC_C_LANGUAGE_STANDARD = gnu11;
				GCC_NO_COMMON_BLOCKS = YES;
				GCC_WARN_64_TO_32_BIT_CONVERSION = YES;
				GCC_WARN_ABOUT_RETURN_TYPE = YES_ERROR;
				GCC_WARN_UNDECLARED_SELECTOR = YES;
				GCC_WARN_UNINITIALIZED_AUTOS = YES_AGGRESSIVE;
				GCC_WARN_UNUSED_FUNCTION = YES;
				GCC_WARN_UNUSED_VARIABLE = YES;
				IPHONEOS_DEPLOYMENT_TARGET = 13.0;
				MTL_ENABLE_DEBUG_INFO = NO;
				MTL_FAST_MATH = YES;
				SDKROOT = iphoneos;
				SWIFT_COMPILATION_MODE = wholemodule;
				SWIFT_OPTIMIZATION_LEVEL = "-O";
				VALIDATE_PRODUCT = YES;
			};
			name = Release;
		};
		9EC0DB0925EEB9D4007D04D0 /* Debug */ = {
			isa = XCBuildConfiguration;
			baseConfigurationReference = 45A572E8848738C512AB106E /* Pods-WeekFlex.debug.xcconfig */;
			buildSettings = {
				ASSETCATALOG_COMPILER_APPICON_NAME = AppIcon;
				ASSETCATALOG_COMPILER_GLOBAL_ACCENT_COLOR_NAME = AccentColor;
				CODE_SIGN_ENTITLEMENTS = WeekFlex/WeekFlex.entitlements;
				CODE_SIGN_IDENTITY = "Apple Development";
				CODE_SIGN_STYLE = Automatic;
				DEVELOPMENT_TEAM = DUQE66MABG;
				INFOPLIST_FILE = WeekFlex/Info.plist;
				LD_RUNPATH_SEARCH_PATHS = (
					"$(inherited)",
					"@executable_path/Frameworks",
				);
				MARKETING_VERSION = 1.0;
				PRODUCT_BUNDLE_IDENTIFIER = "--com.WeekFlex";
				PRODUCT_NAME = "$(TARGET_NAME)";
				PROVISIONING_PROFILE_SPECIFIER = "";
				SWIFT_VERSION = 5.0;
				TARGETED_DEVICE_FAMILY = "1,2";
			};
			name = Debug;
		};
		9EC0DB0A25EEB9D4007D04D0 /* Release */ = {
			isa = XCBuildConfiguration;
			baseConfigurationReference = E69A384642D50E1D9D0EAF1A /* Pods-WeekFlex.release.xcconfig */;
			buildSettings = {
				ASSETCATALOG_COMPILER_APPICON_NAME = AppIcon;
				ASSETCATALOG_COMPILER_GLOBAL_ACCENT_COLOR_NAME = AccentColor;
				CODE_SIGN_ENTITLEMENTS = WeekFlex/WeekFlex.entitlements;
				CODE_SIGN_IDENTITY = "Apple Development";
				CODE_SIGN_STYLE = Automatic;
				DEVELOPMENT_TEAM = DUQE66MABG;
				INFOPLIST_FILE = WeekFlex/Info.plist;
				LD_RUNPATH_SEARCH_PATHS = (
					"$(inherited)",
					"@executable_path/Frameworks",
				);
				MARKETING_VERSION = 1.0;
				PRODUCT_BUNDLE_IDENTIFIER = "--com.WeekFlex";
				PRODUCT_NAME = "$(TARGET_NAME)";
				PROVISIONING_PROFILE_SPECIFIER = "";
				SWIFT_VERSION = 5.0;
				TARGETED_DEVICE_FAMILY = "1,2";
			};
			name = Release;
		};
/* End XCBuildConfiguration section */

/* Begin XCConfigurationList section */
		9EC0DAEF25EEB9D1007D04D0 /* Build configuration list for PBXProject "WeekFlex" */ = {
			isa = XCConfigurationList;
			buildConfigurations = (
				9EC0DB0625EEB9D4007D04D0 /* Debug */,
				9EC0DB0725EEB9D4007D04D0 /* Release */,
			);
			defaultConfigurationIsVisible = 0;
			defaultConfigurationName = Release;
		};
		9EC0DB0825EEB9D4007D04D0 /* Build configuration list for PBXNativeTarget "WeekFlex" */ = {
			isa = XCConfigurationList;
			buildConfigurations = (
				9EC0DB0925EEB9D4007D04D0 /* Debug */,
				9EC0DB0A25EEB9D4007D04D0 /* Release */,
			);
			defaultConfigurationIsVisible = 0;
			defaultConfigurationName = Release;
		};
/* End XCConfigurationList section */

/* Begin XCRemoteSwiftPackageReference section */
		0E4B0DA52810863400013B58 /* XCRemoteSwiftPackageReference "kakao-ios-sdk" */ = {
			isa = XCRemoteSwiftPackageReference;
			repositoryURL = "https://github.com/kakao/kakao-ios-sdk";
			requirement = {
				kind = upToNextMajorVersion;
				minimumVersion = 2.0.0;
			};
		};
		D203ABEB28364CA9008FCB62 /* XCRemoteSwiftPackageReference "SnapKit" */ = {
			isa = XCRemoteSwiftPackageReference;
			repositoryURL = "https://github.com/SnapKit/SnapKit";
			requirement = {
				kind = exactVersion;
				version = 5.6.0;
			};
		};
/* End XCRemoteSwiftPackageReference section */

/* Begin XCSwiftPackageProductDependency section */
		D203ABEC28364CA9008FCB62 /* SnapKit */ = {
			isa = XCSwiftPackageProductDependency;
			package = D203ABEB28364CA9008FCB62 /* XCRemoteSwiftPackageReference "SnapKit" */;
			productName = SnapKit;
		};
/* End XCSwiftPackageProductDependency section */
	};
	rootObject = 9EC0DAEC25EEB9D1007D04D0 /* Project object */;
}
