// !$*UTF8*$!
{
	archiveVersion = 1;
	classes = {
	};
	objectVersion = 51;
	objects = {

/* Begin PBXBuildFile section */
		0E26212225F8CB14007D28F0 /* TableViewCell.swift in Sources */ = {isa = PBXBuildFile; fileRef = 0E26212025F8CB14007D28F0 /* TableViewCell.swift */; };
		0E26212325F8CB14007D28F0 /* TableViewCell.xib in Resources */ = {isa = PBXBuildFile; fileRef = 0E26212125F8CB14007D28F0 /* TableViewCell.xib */; };
		0E26216126014B0B007D28F0 /* TaskListView.xib in Resources */ = {isa = PBXBuildFile; fileRef = 0E26216026014B0B007D28F0 /* TaskListView.xib */; };
		0E26216426014B23007D28F0 /* TaskListView.swift in Sources */ = {isa = PBXBuildFile; fileRef = 0E26216326014B23007D28F0 /* TaskListView.swift */; };
		0E7952D6260A65F500345659 /* UIView+Extension.swift in Sources */ = {isa = PBXBuildFile; fileRef = 0E7952D5260A65F500345659 /* UIView+Extension.swift */; };
		0E7952EF2610B4A500345659 /* MainRoutineListViewModel.swift in Sources */ = {isa = PBXBuildFile; fileRef = 0E7952EE2610B4A500345659 /* MainRoutineListViewModel.swift */; };
		0E7953312613B4E100345659 /* MainHomeViewModel.swift in Sources */ = {isa = PBXBuildFile; fileRef = 0E7953302613B4E100345659 /* MainHomeViewModel.swift */; };
		0EAD6A1625F26D45001BD490 /* MainHome.storyboard in Resources */ = {isa = PBXBuildFile; fileRef = 0EAD6A1525F26D45001BD490 /* MainHome.storyboard */; };
		0EAD6A1925F2A107001BD490 /* MainHomeVC.swift in Sources */ = {isa = PBXBuildFile; fileRef = 0EAD6A1825F2A107001BD490 /* MainHomeVC.swift */; };
		9B1041922607594800746FCF /* ToDoListVC.swift in Sources */ = {isa = PBXBuildFile; fileRef = 9B1041912607594800746FCF /* ToDoListVC.swift */; };
		9B1041AC26076BA900746FCF /* CategoryCell.swift in Sources */ = {isa = PBXBuildFile; fileRef = 9B1041AB26076BA900746FCF /* CategoryCell.swift */; };
		9B56E848260884E800EC9969 /* RoutineCell.swift in Sources */ = {isa = PBXBuildFile; fileRef = 9B56E847260884E800EC9969 /* RoutineCell.swift */; };
		9B56E84B260892BB00EC9969 /* CategoryCollectionViewCellViewModel.swift in Sources */ = {isa = PBXBuildFile; fileRef = 9B56E84A260892BB00EC9969 /* CategoryCollectionViewCellViewModel.swift */; };
		9B56E84F26089FDD00EC9969 /* ToDoListCollectionViewCellViewModel.swift in Sources */ = {isa = PBXBuildFile; fileRef = 9B56E84E26089FDD00EC9969 /* ToDoListCollectionViewCellViewModel.swift */; };
		9B56E8772609D7B600EC9969 /* SelectedRoutineCell.swift in Sources */ = {isa = PBXBuildFile; fileRef = 9B56E8762609D7B600EC9969 /* SelectedRoutineCell.swift */; };
		9B56E87A2609D90800EC9969 /* SelectedCollectionViewCellViewModel.swift in Sources */ = {isa = PBXBuildFile; fileRef = 9B56E8792609D90800EC9969 /* SelectedCollectionViewCellViewModel.swift */; };
		9BB52E7C25F0C2F6001C63E5 /* UIFont+Extension.swift in Sources */ = {isa = PBXBuildFile; fileRef = 9BB52E7B25F0C2F6001C63E5 /* UIFont+Extension.swift */; };
		9BC81AA025FA80CB001B1D83 /* ToDoList.storyboard in Resources */ = {isa = PBXBuildFile; fileRef = 9BC81A9F25FA80CB001B1D83 /* ToDoList.storyboard */; };
		9E5FD60225F4CAD6008EB927 /* MyRoutine.storyboard in Resources */ = {isa = PBXBuildFile; fileRef = 9E5FD60125F4CAD6008EB927 /* MyRoutine.storyboard */; };
		9E5FD60925F4CB33008EB927 /* MyRoutineListVC.swift in Sources */ = {isa = PBXBuildFile; fileRef = 9E5FD60825F4CB33008EB927 /* MyRoutineListVC.swift */; };
		9E5FD60C25F4CBD5008EB927 /* MyRoutineAddVC.swift in Sources */ = {isa = PBXBuildFile; fileRef = 9E5FD60B25F4CBD5008EB927 /* MyRoutineAddVC.swift */; };
		9E5FD66526045B0D008EB927 /* UIColor+Extension.swift in Sources */ = {isa = PBXBuildFile; fileRef = 9E5FD66426045B0C008EB927 /* UIColor+Extension.swift */; };
		9E5FD6EE26073996008EB927 /* Metropolis-ExtraLightItalic.otf in Resources */ = {isa = PBXBuildFile; fileRef = 9E5FD6DC26073995008EB927 /* Metropolis-ExtraLightItalic.otf */; };
		9E5FD6EF26073996008EB927 /* Metropolis-ExtraBoldItalic.otf in Resources */ = {isa = PBXBuildFile; fileRef = 9E5FD6DD26073995008EB927 /* Metropolis-ExtraBoldItalic.otf */; };
		9E5FD6F026073996008EB927 /* Metropolis-LightItalic.otf in Resources */ = {isa = PBXBuildFile; fileRef = 9E5FD6DE26073995008EB927 /* Metropolis-LightItalic.otf */; };
		9E5FD6F126073996008EB927 /* Metropolis-Regular.otf in Resources */ = {isa = PBXBuildFile; fileRef = 9E5FD6DF26073995008EB927 /* Metropolis-Regular.otf */; };
		9E5FD6F226073996008EB927 /* Metropolis-ExtraBold.otf in Resources */ = {isa = PBXBuildFile; fileRef = 9E5FD6E026073995008EB927 /* Metropolis-ExtraBold.otf */; };
		9E5FD6F326073996008EB927 /* Metropolis-Black.otf in Resources */ = {isa = PBXBuildFile; fileRef = 9E5FD6E126073995008EB927 /* Metropolis-Black.otf */; };
		9E5FD6F426073996008EB927 /* Metropolis-BlackItalic.otf in Resources */ = {isa = PBXBuildFile; fileRef = 9E5FD6E226073995008EB927 /* Metropolis-BlackItalic.otf */; };
		9E5FD6F526073996008EB927 /* Metropolis-Medium.otf in Resources */ = {isa = PBXBuildFile; fileRef = 9E5FD6E326073995008EB927 /* Metropolis-Medium.otf */; };
		9E5FD6F626073996008EB927 /* Metropolis-RegularItalic.otf in Resources */ = {isa = PBXBuildFile; fileRef = 9E5FD6E426073995008EB927 /* Metropolis-RegularItalic.otf */; };
		9E5FD6F726073996008EB927 /* Metropolis-ThinItalic.otf in Resources */ = {isa = PBXBuildFile; fileRef = 9E5FD6E526073995008EB927 /* Metropolis-ThinItalic.otf */; };
		9E5FD6F826073996008EB927 /* Metropolis-SemiBold.otf in Resources */ = {isa = PBXBuildFile; fileRef = 9E5FD6E626073995008EB927 /* Metropolis-SemiBold.otf */; };
		9E5FD6F926073996008EB927 /* Metropolis-MediumItalic.otf in Resources */ = {isa = PBXBuildFile; fileRef = 9E5FD6E726073995008EB927 /* Metropolis-MediumItalic.otf */; };
		9E5FD6FA26073996008EB927 /* Metropolis-Light.otf in Resources */ = {isa = PBXBuildFile; fileRef = 9E5FD6E826073996008EB927 /* Metropolis-Light.otf */; };
		9E5FD6FB26073996008EB927 /* Metropolis-Thin.otf in Resources */ = {isa = PBXBuildFile; fileRef = 9E5FD6E926073996008EB927 /* Metropolis-Thin.otf */; };
		9E5FD6FC26073996008EB927 /* Metropolis-Bold.otf in Resources */ = {isa = PBXBuildFile; fileRef = 9E5FD6EA26073996008EB927 /* Metropolis-Bold.otf */; };
		9E5FD6FD26073996008EB927 /* Metropolis-ExtraLight.otf in Resources */ = {isa = PBXBuildFile; fileRef = 9E5FD6EB26073996008EB927 /* Metropolis-ExtraLight.otf */; };
		9E5FD6FE26073996008EB927 /* Metropolis-SemiBoldItalic.otf in Resources */ = {isa = PBXBuildFile; fileRef = 9E5FD6EC26073996008EB927 /* Metropolis-SemiBoldItalic.otf */; };
		9E5FD6FF26073996008EB927 /* Metropolis-BoldItalic.otf in Resources */ = {isa = PBXBuildFile; fileRef = 9E5FD6ED26073996008EB927 /* Metropolis-BoldItalic.otf */; };
		9E5FD70326078C06008EB927 /* MyRoutineListViewModel.swift in Sources */ = {isa = PBXBuildFile; fileRef = 9E5FD70226078C06008EB927 /* MyRoutineListViewModel.swift */; };
		9E5FD7072607979C008EB927 /* MyRoutineListItemTableViewCell.swift in Sources */ = {isa = PBXBuildFile; fileRef = 9E5FD7062607979C008EB927 /* MyRoutineListItemTableViewCell.swift */; };
		9E6760C925F0BF8900436D5C /* Login.storyboard in Resources */ = {isa = PBXBuildFile; fileRef = 9E6760C825F0BF8900436D5C /* Login.storyboard */; };
		9E6760CC25F0BF9900436D5C /* LoginVC.swift in Sources */ = {isa = PBXBuildFile; fileRef = 9E6760CB25F0BF9900436D5C /* LoginVC.swift */; };
		9EC0DAF825EEB9D1007D04D0 /* AppDelegate.swift in Sources */ = {isa = PBXBuildFile; fileRef = 9EC0DAF725EEB9D1007D04D0 /* AppDelegate.swift */; };
		9EC0DAFA25EEB9D1007D04D0 /* SceneDelegate.swift in Sources */ = {isa = PBXBuildFile; fileRef = 9EC0DAF925EEB9D1007D04D0 /* SceneDelegate.swift */; };
		9EC0DAFC25EEB9D1007D04D0 /* ViewController.swift in Sources */ = {isa = PBXBuildFile; fileRef = 9EC0DAFB25EEB9D1007D04D0 /* ViewController.swift */; };
		9EC0DAFF25EEB9D1007D04D0 /* Main.storyboard in Resources */ = {isa = PBXBuildFile; fileRef = 9EC0DAFD25EEB9D1007D04D0 /* Main.storyboard */; };
		9EC0DB0125EEB9D4007D04D0 /* Assets.xcassets in Resources */ = {isa = PBXBuildFile; fileRef = 9EC0DB0025EEB9D4007D04D0 /* Assets.xcassets */; };
		9EC0DB0425EEB9D4007D04D0 /* LaunchScreen.storyboard in Resources */ = {isa = PBXBuildFile; fileRef = 9EC0DB0225EEB9D4007D04D0 /* LaunchScreen.storyboard */; };
		9EC0DB1125EEBA5E007D04D0 /* UILabel+Extension.swift in Sources */ = {isa = PBXBuildFile; fileRef = 9EC0DB1025EEBA5E007D04D0 /* UILabel+Extension.swift */; };
		D1D3DB72D1F06283179933DC /* Pods_WeekFlex.framework in Frameworks */ = {isa = PBXBuildFile; fileRef = CECC27CC3F70764AB88A16B0 /* Pods_WeekFlex.framework */; };
/* End PBXBuildFile section */

/* Begin PBXFileReference section */
		0E26212025F8CB14007D28F0 /* TableViewCell.swift */ = {isa = PBXFileReference; lastKnownFileType = sourcecode.swift; path = TableViewCell.swift; sourceTree = "<group>"; };
		0E26212125F8CB14007D28F0 /* TableViewCell.xib */ = {isa = PBXFileReference; lastKnownFileType = file.xib; path = TableViewCell.xib; sourceTree = "<group>"; };
		0E26216026014B0B007D28F0 /* TaskListView.xib */ = {isa = PBXFileReference; lastKnownFileType = file.xib; path = TaskListView.xib; sourceTree = "<group>"; };
		0E26216326014B23007D28F0 /* TaskListView.swift */ = {isa = PBXFileReference; lastKnownFileType = sourcecode.swift; path = TaskListView.swift; sourceTree = "<group>"; };
		0E7952D5260A65F500345659 /* UIView+Extension.swift */ = {isa = PBXFileReference; lastKnownFileType = sourcecode.swift; path = "UIView+Extension.swift"; sourceTree = "<group>"; };
		0E7952EE2610B4A500345659 /* MainRoutineListViewModel.swift */ = {isa = PBXFileReference; lastKnownFileType = sourcecode.swift; path = MainRoutineListViewModel.swift; sourceTree = "<group>"; };
		0E7953302613B4E100345659 /* MainHomeViewModel.swift */ = {isa = PBXFileReference; lastKnownFileType = sourcecode.swift; path = MainHomeViewModel.swift; sourceTree = "<group>"; };
		0EAD6A1525F26D45001BD490 /* MainHome.storyboard */ = {isa = PBXFileReference; lastKnownFileType = file.storyboard; path = MainHome.storyboard; sourceTree = "<group>"; };
		0EAD6A1825F2A107001BD490 /* MainHomeVC.swift */ = {isa = PBXFileReference; lastKnownFileType = sourcecode.swift; path = MainHomeVC.swift; sourceTree = "<group>"; };
		45A572E8848738C512AB106E /* Pods-WeekFlex.debug.xcconfig */ = {isa = PBXFileReference; includeInIndex = 1; lastKnownFileType = text.xcconfig; name = "Pods-WeekFlex.debug.xcconfig"; path = "Target Support Files/Pods-WeekFlex/Pods-WeekFlex.debug.xcconfig"; sourceTree = "<group>"; };
		9B1041912607594800746FCF /* ToDoListVC.swift */ = {isa = PBXFileReference; lastKnownFileType = sourcecode.swift; path = ToDoListVC.swift; sourceTree = "<group>"; };
		9B1041AB26076BA900746FCF /* CategoryCell.swift */ = {isa = PBXFileReference; lastKnownFileType = sourcecode.swift; path = CategoryCell.swift; sourceTree = "<group>"; };
		9B56E847260884E800EC9969 /* RoutineCell.swift */ = {isa = PBXFileReference; lastKnownFileType = sourcecode.swift; path = RoutineCell.swift; sourceTree = "<group>"; };
		9B56E84A260892BB00EC9969 /* CategoryCollectionViewCellViewModel.swift */ = {isa = PBXFileReference; lastKnownFileType = sourcecode.swift; path = CategoryCollectionViewCellViewModel.swift; sourceTree = "<group>"; };
		9B56E84E26089FDD00EC9969 /* ToDoListCollectionViewCellViewModel.swift */ = {isa = PBXFileReference; lastKnownFileType = sourcecode.swift; path = ToDoListCollectionViewCellViewModel.swift; sourceTree = "<group>"; };
		9B56E8762609D7B600EC9969 /* SelectedRoutineCell.swift */ = {isa = PBXFileReference; lastKnownFileType = sourcecode.swift; path = SelectedRoutineCell.swift; sourceTree = "<group>"; };
		9B56E8792609D90800EC9969 /* SelectedCollectionViewCellViewModel.swift */ = {isa = PBXFileReference; lastKnownFileType = sourcecode.swift; path = SelectedCollectionViewCellViewModel.swift; sourceTree = "<group>"; };
		9BB52E7B25F0C2F6001C63E5 /* UIFont+Extension.swift */ = {isa = PBXFileReference; lastKnownFileType = sourcecode.swift; path = "UIFont+Extension.swift"; sourceTree = "<group>"; };
		9BC81A9F25FA80CB001B1D83 /* ToDoList.storyboard */ = {isa = PBXFileReference; lastKnownFileType = file.storyboard; path = ToDoList.storyboard; sourceTree = "<group>"; };
		9E5FD60125F4CAD6008EB927 /* MyRoutine.storyboard */ = {isa = PBXFileReference; lastKnownFileType = file.storyboard; path = MyRoutine.storyboard; sourceTree = "<group>"; };
		9E5FD60825F4CB33008EB927 /* MyRoutineListVC.swift */ = {isa = PBXFileReference; lastKnownFileType = sourcecode.swift; path = MyRoutineListVC.swift; sourceTree = "<group>"; };
		9E5FD60B25F4CBD5008EB927 /* MyRoutineAddVC.swift */ = {isa = PBXFileReference; lastKnownFileType = sourcecode.swift; path = MyRoutineAddVC.swift; sourceTree = "<group>"; };
		9E5FD66426045B0C008EB927 /* UIColor+Extension.swift */ = {isa = PBXFileReference; lastKnownFileType = sourcecode.swift; path = "UIColor+Extension.swift"; sourceTree = "<group>"; };
		9E5FD6DC26073995008EB927 /* Metropolis-ExtraLightItalic.otf */ = {isa = PBXFileReference; lastKnownFileType = file; path = "Metropolis-ExtraLightItalic.otf"; sourceTree = "<group>"; };
		9E5FD6DD26073995008EB927 /* Metropolis-ExtraBoldItalic.otf */ = {isa = PBXFileReference; lastKnownFileType = file; path = "Metropolis-ExtraBoldItalic.otf"; sourceTree = "<group>"; };
		9E5FD6DE26073995008EB927 /* Metropolis-LightItalic.otf */ = {isa = PBXFileReference; lastKnownFileType = file; path = "Metropolis-LightItalic.otf"; sourceTree = "<group>"; };
		9E5FD6DF26073995008EB927 /* Metropolis-Regular.otf */ = {isa = PBXFileReference; lastKnownFileType = file; path = "Metropolis-Regular.otf"; sourceTree = "<group>"; };
		9E5FD6E026073995008EB927 /* Metropolis-ExtraBold.otf */ = {isa = PBXFileReference; lastKnownFileType = file; path = "Metropolis-ExtraBold.otf"; sourceTree = "<group>"; };
		9E5FD6E126073995008EB927 /* Metropolis-Black.otf */ = {isa = PBXFileReference; lastKnownFileType = file; path = "Metropolis-Black.otf"; sourceTree = "<group>"; };
		9E5FD6E226073995008EB927 /* Metropolis-BlackItalic.otf */ = {isa = PBXFileReference; lastKnownFileType = file; path = "Metropolis-BlackItalic.otf"; sourceTree = "<group>"; };
		9E5FD6E326073995008EB927 /* Metropolis-Medium.otf */ = {isa = PBXFileReference; lastKnownFileType = file; path = "Metropolis-Medium.otf"; sourceTree = "<group>"; };
		9E5FD6E426073995008EB927 /* Metropolis-RegularItalic.otf */ = {isa = PBXFileReference; lastKnownFileType = file; path = "Metropolis-RegularItalic.otf"; sourceTree = "<group>"; };
		9E5FD6E526073995008EB927 /* Metropolis-ThinItalic.otf */ = {isa = PBXFileReference; lastKnownFileType = file; path = "Metropolis-ThinItalic.otf"; sourceTree = "<group>"; };
		9E5FD6E626073995008EB927 /* Metropolis-SemiBold.otf */ = {isa = PBXFileReference; lastKnownFileType = file; path = "Metropolis-SemiBold.otf"; sourceTree = "<group>"; };
		9E5FD6E726073995008EB927 /* Metropolis-MediumItalic.otf */ = {isa = PBXFileReference; lastKnownFileType = file; path = "Metropolis-MediumItalic.otf"; sourceTree = "<group>"; };
		9E5FD6E826073996008EB927 /* Metropolis-Light.otf */ = {isa = PBXFileReference; lastKnownFileType = file; path = "Metropolis-Light.otf"; sourceTree = "<group>"; };
		9E5FD6E926073996008EB927 /* Metropolis-Thin.otf */ = {isa = PBXFileReference; lastKnownFileType = file; path = "Metropolis-Thin.otf"; sourceTree = "<group>"; };
		9E5FD6EA26073996008EB927 /* Metropolis-Bold.otf */ = {isa = PBXFileReference; lastKnownFileType = file; path = "Metropolis-Bold.otf"; sourceTree = "<group>"; };
		9E5FD6EB26073996008EB927 /* Metropolis-ExtraLight.otf */ = {isa = PBXFileReference; lastKnownFileType = file; path = "Metropolis-ExtraLight.otf"; sourceTree = "<group>"; };
		9E5FD6EC26073996008EB927 /* Metropolis-SemiBoldItalic.otf */ = {isa = PBXFileReference; lastKnownFileType = file; path = "Metropolis-SemiBoldItalic.otf"; sourceTree = "<group>"; };
		9E5FD6ED26073996008EB927 /* Metropolis-BoldItalic.otf */ = {isa = PBXFileReference; lastKnownFileType = file; path = "Metropolis-BoldItalic.otf"; sourceTree = "<group>"; };
		9E5FD70226078C06008EB927 /* MyRoutineListViewModel.swift */ = {isa = PBXFileReference; lastKnownFileType = sourcecode.swift; path = MyRoutineListViewModel.swift; sourceTree = "<group>"; };
		9E5FD7062607979C008EB927 /* MyRoutineListItemTableViewCell.swift */ = {isa = PBXFileReference; lastKnownFileType = sourcecode.swift; path = MyRoutineListItemTableViewCell.swift; sourceTree = "<group>"; };
		9E6760C425F0BD0900436D5C /* WeekFlex.entitlements */ = {isa = PBXFileReference; lastKnownFileType = text.plist.entitlements; path = WeekFlex.entitlements; sourceTree = "<group>"; };
		9E6760C825F0BF8900436D5C /* Login.storyboard */ = {isa = PBXFileReference; lastKnownFileType = file.storyboard; path = Login.storyboard; sourceTree = "<group>"; };
		9E6760CB25F0BF9900436D5C /* LoginVC.swift */ = {isa = PBXFileReference; lastKnownFileType = sourcecode.swift; path = LoginVC.swift; sourceTree = "<group>"; };
		9EC0DAF425EEB9D1007D04D0 /* WeekFlex.app */ = {isa = PBXFileReference; explicitFileType = wrapper.application; includeInIndex = 0; path = WeekFlex.app; sourceTree = BUILT_PRODUCTS_DIR; };
		9EC0DAF725EEB9D1007D04D0 /* AppDelegate.swift */ = {isa = PBXFileReference; lastKnownFileType = sourcecode.swift; path = AppDelegate.swift; sourceTree = "<group>"; };
		9EC0DAF925EEB9D1007D04D0 /* SceneDelegate.swift */ = {isa = PBXFileReference; lastKnownFileType = sourcecode.swift; path = SceneDelegate.swift; sourceTree = "<group>"; };
		9EC0DAFB25EEB9D1007D04D0 /* ViewController.swift */ = {isa = PBXFileReference; lastKnownFileType = sourcecode.swift; path = ViewController.swift; sourceTree = "<group>"; };
		9EC0DAFE25EEB9D1007D04D0 /* Base */ = {isa = PBXFileReference; lastKnownFileType = file.storyboard; name = Base; path = Base.lproj/Main.storyboard; sourceTree = "<group>"; };
		9EC0DB0025EEB9D4007D04D0 /* Assets.xcassets */ = {isa = PBXFileReference; lastKnownFileType = folder.assetcatalog; path = Assets.xcassets; sourceTree = "<group>"; };
		9EC0DB0325EEB9D4007D04D0 /* Base */ = {isa = PBXFileReference; lastKnownFileType = file.storyboard; name = Base; path = Base.lproj/LaunchScreen.storyboard; sourceTree = "<group>"; };
		9EC0DB0525EEB9D4007D04D0 /* Info.plist */ = {isa = PBXFileReference; lastKnownFileType = text.plist.xml; path = Info.plist; sourceTree = "<group>"; };
		9EC0DB1025EEBA5E007D04D0 /* UILabel+Extension.swift */ = {isa = PBXFileReference; lastKnownFileType = sourcecode.swift; path = "UILabel+Extension.swift"; sourceTree = "<group>"; };
		CECC27CC3F70764AB88A16B0 /* Pods_WeekFlex.framework */ = {isa = PBXFileReference; explicitFileType = wrapper.framework; includeInIndex = 0; path = Pods_WeekFlex.framework; sourceTree = BUILT_PRODUCTS_DIR; };
		E69A384642D50E1D9D0EAF1A /* Pods-WeekFlex.release.xcconfig */ = {isa = PBXFileReference; includeInIndex = 1; lastKnownFileType = text.xcconfig; name = "Pods-WeekFlex.release.xcconfig"; path = "Target Support Files/Pods-WeekFlex/Pods-WeekFlex.release.xcconfig"; sourceTree = "<group>"; };
/* End PBXFileReference section */

/* Begin PBXFrameworksBuildPhase section */
		9EC0DAF125EEB9D1007D04D0 /* Frameworks */ = {
			isa = PBXFrameworksBuildPhase;
			buildActionMask = 2147483647;
			files = (
				D1D3DB72D1F06283179933DC /* Pods_WeekFlex.framework in Frameworks */,
			);
			runOnlyForDeploymentPostprocessing = 0;
		};
/* End PBXFrameworksBuildPhase section */

/* Begin PBXGroup section */
		0E26211F25F8CAC1007D28F0 /* cell */ = {
			isa = PBXGroup;
			children = (
				0E26212025F8CB14007D28F0 /* TableViewCell.swift */,
				0E26212125F8CB14007D28F0 /* TableViewCell.xib */,
				0E26216026014B0B007D28F0 /* TaskListView.xib */,
				0E26216326014B23007D28F0 /* TaskListView.swift */,
			);
			path = cell;
			sourceTree = "<group>";
		};
		0E7953072611CF2400345659 /* Recovered References */ = {
			isa = PBXGroup;
			children = (
			);
			name = "Recovered References";
			sourceTree = "<group>";
		};
		0EAD6A1225F25E8C001BD490 /* MainHome */ = {
			isa = PBXGroup;
			children = (
				0E26211F25F8CAC1007D28F0 /* cell */,
				0EAD6A2725F4D004001BD490 /* ViewModel */,
				0EAD6A1425F26D1A001BD490 /* ViewController */,
				0EAD6A1325F26D0A001BD490 /* Storyboard */,
			);
			path = MainHome;
			sourceTree = "<group>";
		};
		0EAD6A1325F26D0A001BD490 /* Storyboard */ = {
			isa = PBXGroup;
			children = (
				0EAD6A1525F26D45001BD490 /* MainHome.storyboard */,
			);
			path = Storyboard;
			sourceTree = "<group>";
		};
		0EAD6A1425F26D1A001BD490 /* ViewController */ = {
			isa = PBXGroup;
			children = (
				0EAD6A1825F2A107001BD490 /* MainHomeVC.swift */,
			);
			path = ViewController;
			sourceTree = "<group>";
		};
		0EAD6A2725F4D004001BD490 /* ViewModel */ = {
			isa = PBXGroup;
			children = (
				0E7952EE2610B4A500345659 /* MainRoutineListViewModel.swift */,
				0E7953302613B4E100345659 /* MainHomeViewModel.swift */,
			);
			path = ViewModel;
			sourceTree = "<group>";
		};
		5B0EC4BF602B2818AB901AEE /* Pods */ = {
			isa = PBXGroup;
			children = (
				45A572E8848738C512AB106E /* Pods-WeekFlex.debug.xcconfig */,
				E69A384642D50E1D9D0EAF1A /* Pods-WeekFlex.release.xcconfig */,
			);
			path = Pods;
			sourceTree = "<group>";
		};
		89C830E0284170263E9F022C /* Frameworks */ = {
			isa = PBXGroup;
			children = (
				CECC27CC3F70764AB88A16B0 /* Pods_WeekFlex.framework */,
			);
			name = Frameworks;
			sourceTree = "<group>";
		};
		9B1041902607591900746FCF /* ViewController */ = {
			isa = PBXGroup;
			children = (
				9B1041912607594800746FCF /* ToDoListVC.swift */,
			);
			path = ViewController;
			sourceTree = "<group>";
		};
		9B1041A526076B7C00746FCF /* Cell */ = {
			isa = PBXGroup;
			children = (
				9B1041AB26076BA900746FCF /* CategoryCell.swift */,
				9B56E847260884E800EC9969 /* RoutineCell.swift */,
				9B56E8762609D7B600EC9969 /* SelectedRoutineCell.swift */,
			);
			path = Cell;
			sourceTree = "<group>";
		};
		9B56E84D26089FCD00EC9969 /* ViewModel */ = {
			isa = PBXGroup;
			children = (
				9B56E84A260892BB00EC9969 /* CategoryCollectionViewCellViewModel.swift */,
				9B56E84E26089FDD00EC9969 /* ToDoListCollectionViewCellViewModel.swift */,
				9B56E8792609D90800EC9969 /* SelectedCollectionViewCellViewModel.swift */,
			);
			path = ViewModel;
			sourceTree = "<group>";
		};
		9BC81A9D25FA80AD001B1D83 /* todoList */ = {
			isa = PBXGroup;
			children = (
				9B56E84D26089FCD00EC9969 /* ViewModel */,
				9B1041A526076B7C00746FCF /* Cell */,
				9B1041902607591900746FCF /* ViewController */,
				9BC81A9E25FA80B2001B1D83 /* Storyboard */,
			);
			path = todoList;
			sourceTree = "<group>";
		};
		9BC81A9E25FA80B2001B1D83 /* Storyboard */ = {
			isa = PBXGroup;
			children = (
				9BC81A9F25FA80CB001B1D83 /* ToDoList.storyboard */,
			);
			path = Storyboard;
			sourceTree = "<group>";
		};
		9E5FD5FE25F4CABB008EB927 /* MyRoutine */ = {
			isa = PBXGroup;
			children = (
				9E5FD7052607977E008EB927 /* Cell */,
				9E5FD70126078BF3008EB927 /* ViewModel */,
				9E5FD60025F4CAC6008EB927 /* ViewController */,
				9E5FD5FF25F4CAC1008EB927 /* Storyboard */,
			);
			path = MyRoutine;
			sourceTree = "<group>";
		};
		9E5FD5FF25F4CAC1008EB927 /* Storyboard */ = {
			isa = PBXGroup;
			children = (
				9E5FD60125F4CAD6008EB927 /* MyRoutine.storyboard */,
			);
			path = Storyboard;
			sourceTree = "<group>";
		};
		9E5FD60025F4CAC6008EB927 /* ViewController */ = {
			isa = PBXGroup;
			children = (
				9E5FD60825F4CB33008EB927 /* MyRoutineListVC.swift */,
				9E5FD60B25F4CBD5008EB927 /* MyRoutineAddVC.swift */,
			);
			path = ViewController;
			sourceTree = "<group>";
		};
		9E5FD6C926073958008EB927 /* Font */ = {
			isa = PBXGroup;
			children = (
				9E5FD6E126073995008EB927 /* Metropolis-Black.otf */,
				9E5FD6E226073995008EB927 /* Metropolis-BlackItalic.otf */,
				9E5FD6EA26073996008EB927 /* Metropolis-Bold.otf */,
				9E5FD6ED26073996008EB927 /* Metropolis-BoldItalic.otf */,
				9E5FD6E026073995008EB927 /* Metropolis-ExtraBold.otf */,
				9E5FD6DD26073995008EB927 /* Metropolis-ExtraBoldItalic.otf */,
				9E5FD6EB26073996008EB927 /* Metropolis-ExtraLight.otf */,
				9E5FD6DC26073995008EB927 /* Metropolis-ExtraLightItalic.otf */,
				9E5FD6E826073996008EB927 /* Metropolis-Light.otf */,
				9E5FD6DE26073995008EB927 /* Metropolis-LightItalic.otf */,
				9E5FD6E326073995008EB927 /* Metropolis-Medium.otf */,
				9E5FD6E726073995008EB927 /* Metropolis-MediumItalic.otf */,
				9E5FD6DF26073995008EB927 /* Metropolis-Regular.otf */,
				9E5FD6E426073995008EB927 /* Metropolis-RegularItalic.otf */,
				9E5FD6E626073995008EB927 /* Metropolis-SemiBold.otf */,
				9E5FD6EC26073996008EB927 /* Metropolis-SemiBoldItalic.otf */,
				9E5FD6E926073996008EB927 /* Metropolis-Thin.otf */,
				9E5FD6E526073995008EB927 /* Metropolis-ThinItalic.otf */,
			);
			path = Font;
			sourceTree = "<group>";
		};
		9E5FD70126078BF3008EB927 /* ViewModel */ = {
			isa = PBXGroup;
			children = (
				9E5FD70226078C06008EB927 /* MyRoutineListViewModel.swift */,
			);
			path = ViewModel;
			sourceTree = "<group>";
		};
		9E5FD7052607977E008EB927 /* Cell */ = {
			isa = PBXGroup;
			children = (
				9E5FD7062607979C008EB927 /* MyRoutineListItemTableViewCell.swift */,
			);
			path = Cell;
			sourceTree = "<group>";
		};
		9E6760C525F0BF6B00436D5C /* Login */ = {
			isa = PBXGroup;
			children = (
				9E6760C725F0BF7800436D5C /* ViewController */,
				9E6760C625F0BF7100436D5C /* Storyboard */,
			);
			path = Login;
			sourceTree = "<group>";
		};
		9E6760C625F0BF7100436D5C /* Storyboard */ = {
			isa = PBXGroup;
			children = (
				9E6760C825F0BF8900436D5C /* Login.storyboard */,
			);
			path = Storyboard;
			sourceTree = "<group>";
		};
		9E6760C725F0BF7800436D5C /* ViewController */ = {
			isa = PBXGroup;
			children = (
				9E6760CB25F0BF9900436D5C /* LoginVC.swift */,
			);
			path = ViewController;
			sourceTree = "<group>";
		};
		9EC0DAEB25EEB9D1007D04D0 = {
			isa = PBXGroup;
			children = (
				9EC0DAF625EEB9D1007D04D0 /* WeekFlex */,
				9EC0DAF525EEB9D1007D04D0 /* Products */,
				5B0EC4BF602B2818AB901AEE /* Pods */,
				89C830E0284170263E9F022C /* Frameworks */,
				0E7953072611CF2400345659 /* Recovered References */,
			);
			sourceTree = "<group>";
		};
		9EC0DAF525EEB9D1007D04D0 /* Products */ = {
			isa = PBXGroup;
			children = (
				9EC0DAF425EEB9D1007D04D0 /* WeekFlex.app */,
			);
			name = Products;
			sourceTree = "<group>";
		};
		9EC0DAF625EEB9D1007D04D0 /* WeekFlex */ = {
			isa = PBXGroup;
			children = (
				9E6760C425F0BD0900436D5C /* WeekFlex.entitlements */,
				9EC0DB0525EEB9D4007D04D0 /* Info.plist */,
				9EC0DB1325EEBAED007D04D0 /* Screen */,
				9EC0DB0E25EEBA23007D04D0 /* Global */,
				9EC0DB0C25EEB9F7007D04D0 /* Support */,
			);
			path = WeekFlex;
			sourceTree = "<group>";
		};
		9EC0DB0C25EEB9F7007D04D0 /* Support */ = {
			isa = PBXGroup;
			children = (
				9E5FD6C926073958008EB927 /* Font */,
				9EC0DB0025EEB9D4007D04D0 /* Assets.xcassets */,
				9EC0DB0D25EEB9FC007D04D0 /* Delegate */,
			);
			path = Support;
			sourceTree = "<group>";
		};
		9EC0DB0D25EEB9FC007D04D0 /* Delegate */ = {
			isa = PBXGroup;
			children = (
				9EC0DAF725EEB9D1007D04D0 /* AppDelegate.swift */,
				9EC0DAF925EEB9D1007D04D0 /* SceneDelegate.swift */,
				9EC0DAFB25EEB9D1007D04D0 /* ViewController.swift */,
				9EC0DAFD25EEB9D1007D04D0 /* Main.storyboard */,
				9EC0DB0225EEB9D4007D04D0 /* LaunchScreen.storyboard */,
			);
			path = Delegate;
			sourceTree = "<group>";
		};
		9EC0DB0E25EEBA23007D04D0 /* Global */ = {
			isa = PBXGroup;
			children = (
				9EC0DB0F25EEBA29007D04D0 /* Extension */,
			);
			path = Global;
			sourceTree = "<group>";
		};
		9EC0DB0F25EEBA29007D04D0 /* Extension */ = {
			isa = PBXGroup;
			children = (
				9EC0DB1025EEBA5E007D04D0 /* UILabel+Extension.swift */,
				9BB52E7B25F0C2F6001C63E5 /* UIFont+Extension.swift */,
				9E5FD66426045B0C008EB927 /* UIColor+Extension.swift */,
				0E7952D5260A65F500345659 /* UIView+Extension.swift */,
			);
			path = Extension;
			sourceTree = "<group>";
		};
		9EC0DB1325EEBAED007D04D0 /* Screen */ = {
			isa = PBXGroup;
			children = (
				0EAD6A1225F25E8C001BD490 /* MainHome */,
				9BC81A9D25FA80AD001B1D83 /* todoList */,
				9E5FD5FE25F4CABB008EB927 /* MyRoutine */,
				9E6760C525F0BF6B00436D5C /* Login */,
			);
			path = Screen;
			sourceTree = "<group>";
		};
/* End PBXGroup section */

/* Begin PBXNativeTarget section */
		9EC0DAF325EEB9D1007D04D0 /* WeekFlex */ = {
			isa = PBXNativeTarget;
			buildConfigurationList = 9EC0DB0825EEB9D4007D04D0 /* Build configuration list for PBXNativeTarget "WeekFlex" */;
			buildPhases = (
				35513A8EADA502A189DFBEC0 /* [CP] Check Pods Manifest.lock */,
				9EC0DAF025EEB9D1007D04D0 /* Sources */,
				9EC0DAF125EEB9D1007D04D0 /* Frameworks */,
				9EC0DAF225EEB9D1007D04D0 /* Resources */,
				467596973065279362E87030 /* [CP] Embed Pods Frameworks */,
			);
			buildRules = (
			);
			dependencies = (
			);
			name = WeekFlex;
			productName = WeekFlex;
			productReference = 9EC0DAF425EEB9D1007D04D0 /* WeekFlex.app */;
			productType = "com.apple.product-type.application";
		};
/* End PBXNativeTarget section */

/* Begin PBXProject section */
		9EC0DAEC25EEB9D1007D04D0 /* Project object */ = {
			isa = PBXProject;
			attributes = {
				LastSwiftUpdateCheck = 1240;
				LastUpgradeCheck = 1240;
				TargetAttributes = {
					9EC0DAF325EEB9D1007D04D0 = {
						CreatedOnToolsVersion = 12.4;
					};
				};
			};
			buildConfigurationList = 9EC0DAEF25EEB9D1007D04D0 /* Build configuration list for PBXProject "WeekFlex" */;
			compatibilityVersion = "Xcode 9.3";
			developmentRegion = en;
			hasScannedForEncodings = 0;
			knownRegions = (
				en,
				Base,
			);
			mainGroup = 9EC0DAEB25EEB9D1007D04D0;
			productRefGroup = 9EC0DAF525EEB9D1007D04D0 /* Products */;
			projectDirPath = "";
			projectRoot = "";
			targets = (
				9EC0DAF325EEB9D1007D04D0 /* WeekFlex */,
			);
		};
/* End PBXProject section */

/* Begin PBXResourcesBuildPhase section */
		9EC0DAF225EEB9D1007D04D0 /* Resources */ = {
			isa = PBXResourcesBuildPhase;
			buildActionMask = 2147483647;
			files = (
				9BC81AA025FA80CB001B1D83 /* ToDoList.storyboard in Resources */,
				9E5FD6FA26073996008EB927 /* Metropolis-Light.otf in Resources */,
				9E5FD6F726073996008EB927 /* Metropolis-ThinItalic.otf in Resources */,
				9E5FD6F526073996008EB927 /* Metropolis-Medium.otf in Resources */,
				9E5FD6F326073996008EB927 /* Metropolis-Black.otf in Resources */,
				9E5FD6F626073996008EB927 /* Metropolis-RegularItalic.otf in Resources */,
				9E6760C925F0BF8900436D5C /* Login.storyboard in Resources */,
				0E26212325F8CB14007D28F0 /* TableViewCell.xib in Resources */,
				9EC0DB0425EEB9D4007D04D0 /* LaunchScreen.storyboard in Resources */,
				9E5FD6F026073996008EB927 /* Metropolis-LightItalic.otf in Resources */,
				9E5FD6F926073996008EB927 /* Metropolis-MediumItalic.otf in Resources */,
				9E5FD6FD26073996008EB927 /* Metropolis-ExtraLight.otf in Resources */,
				9EC0DB0125EEB9D4007D04D0 /* Assets.xcassets in Resources */,
				9E5FD6FC26073996008EB927 /* Metropolis-Bold.otf in Resources */,
				9E5FD6FE26073996008EB927 /* Metropolis-SemiBoldItalic.otf in Resources */,
				9E5FD6F826073996008EB927 /* Metropolis-SemiBold.otf in Resources */,
				9E5FD60225F4CAD6008EB927 /* MyRoutine.storyboard in Resources */,
				9E5FD6FF26073996008EB927 /* Metropolis-BoldItalic.otf in Resources */,
				9E5FD6F126073996008EB927 /* Metropolis-Regular.otf in Resources */,
				9E5FD6F426073996008EB927 /* Metropolis-BlackItalic.otf in Resources */,
				9EC0DAFF25EEB9D1007D04D0 /* Main.storyboard in Resources */,
				0E26216126014B0B007D28F0 /* TaskListView.xib in Resources */,
				0EAD6A1625F26D45001BD490 /* MainHome.storyboard in Resources */,
				9E5FD6F226073996008EB927 /* Metropolis-ExtraBold.otf in Resources */,
				9E5FD6EE26073996008EB927 /* Metropolis-ExtraLightItalic.otf in Resources */,
				9E5FD6FB26073996008EB927 /* Metropolis-Thin.otf in Resources */,
				9E5FD6EF26073996008EB927 /* Metropolis-ExtraBoldItalic.otf in Resources */,
			);
			runOnlyForDeploymentPostprocessing = 0;
		};
/* End PBXResourcesBuildPhase section */

/* Begin PBXShellScriptBuildPhase section */
		35513A8EADA502A189DFBEC0 /* [CP] Check Pods Manifest.lock */ = {
			isa = PBXShellScriptBuildPhase;
			buildActionMask = 2147483647;
			files = (
			);
			inputFileListPaths = (
			);
			inputPaths = (
				"${PODS_PODFILE_DIR_PATH}/Podfile.lock",
				"${PODS_ROOT}/Manifest.lock",
			);
			name = "[CP] Check Pods Manifest.lock";
			outputFileListPaths = (
			);
			outputPaths = (
				"$(DERIVED_FILE_DIR)/Pods-WeekFlex-checkManifestLockResult.txt",
			);
			runOnlyForDeploymentPostprocessing = 0;
			shellPath = /bin/sh;
			shellScript = "diff \"${PODS_PODFILE_DIR_PATH}/Podfile.lock\" \"${PODS_ROOT}/Manifest.lock\" > /dev/null\nif [ $? != 0 ] ; then\n    # print error to STDERR\n    echo \"error: The sandbox is not in sync with the Podfile.lock. Run 'pod install' or update your CocoaPods installation.\" >&2\n    exit 1\nfi\n# This output is used by Xcode 'outputs' to avoid re-running this script phase.\necho \"SUCCESS\" > \"${SCRIPT_OUTPUT_FILE_0}\"\n";
			showEnvVarsInLog = 0;
		};
		467596973065279362E87030 /* [CP] Embed Pods Frameworks */ = {
			isa = PBXShellScriptBuildPhase;
			buildActionMask = 2147483647;
			files = (
			);
			inputFileListPaths = (
				"${PODS_ROOT}/Target Support Files/Pods-WeekFlex/Pods-WeekFlex-frameworks-${CONFIGURATION}-input-files.xcfilelist",
			);
			name = "[CP] Embed Pods Frameworks";
			outputFileListPaths = (
				"${PODS_ROOT}/Target Support Files/Pods-WeekFlex/Pods-WeekFlex-frameworks-${CONFIGURATION}-output-files.xcfilelist",
			);
			runOnlyForDeploymentPostprocessing = 0;
			shellPath = /bin/sh;
			shellScript = "\"${PODS_ROOT}/Target Support Files/Pods-WeekFlex/Pods-WeekFlex-frameworks.sh\"\n";
			showEnvVarsInLog = 0;
		};
/* End PBXShellScriptBuildPhase section */

/* Begin PBXSourcesBuildPhase section */
		9EC0DAF025EEB9D1007D04D0 /* Sources */ = {
			isa = PBXSourcesBuildPhase;
			buildActionMask = 2147483647;
			files = (
				9EC0DB1125EEBA5E007D04D0 /* UILabel+Extension.swift in Sources */,
				0EAD6A1925F2A107001BD490 /* MainHomeVC.swift in Sources */,
				9EC0DAFC25EEB9D1007D04D0 /* ViewController.swift in Sources */,
				0E26216426014B23007D28F0 /* TaskListView.swift in Sources */,
				0E26212225F8CB14007D28F0 /* TableViewCell.swift in Sources */,
				9EC0DAF825EEB9D1007D04D0 /* AppDelegate.swift in Sources */,
				0E7952D6260A65F500345659 /* UIView+Extension.swift in Sources */,
				9E5FD7072607979C008EB927 /* MyRoutineListItemTableViewCell.swift in Sources */,
				9B1041922607594800746FCF /* ToDoListVC.swift in Sources */,
				9B56E84B260892BB00EC9969 /* CategoryCollectionViewCellViewModel.swift in Sources */,
				9B1041AC26076BA900746FCF /* CategoryCell.swift in Sources */,
				9B56E848260884E800EC9969 /* RoutineCell.swift in Sources */,
				9BB52E7C25F0C2F6001C63E5 /* UIFont+Extension.swift in Sources */,
				9B56E8772609D7B600EC9969 /* SelectedRoutineCell.swift in Sources */,
				9B56E84F26089FDD00EC9969 /* ToDoListCollectionViewCellViewModel.swift in Sources */,
				9E5FD70326078C06008EB927 /* MyRoutineListViewModel.swift in Sources */,
				9B56E87A2609D90800EC9969 /* SelectedCollectionViewCellViewModel.swift in Sources */,
				0E7953312613B4E100345659 /* MainHomeViewModel.swift in Sources */,
				9E5FD66526045B0D008EB927 /* UIColor+Extension.swift in Sources */,
				9E5FD60925F4CB33008EB927 /* MyRoutineListVC.swift in Sources */,
				9E5FD60C25F4CBD5008EB927 /* MyRoutineAddVC.swift in Sources */,
				0E7952EF2610B4A500345659 /* MainRoutineListViewModel.swift in Sources */,
				9EC0DAFA25EEB9D1007D04D0 /* SceneDelegate.swift in Sources */,
				9E6760CC25F0BF9900436D5C /* LoginVC.swift in Sources */,
			);
			runOnlyForDeploymentPostprocessing = 0;
		};
/* End PBXSourcesBuildPhase section */

/* Begin PBXVariantGroup section */
		9EC0DAFD25EEB9D1007D04D0 /* Main.storyboard */ = {
			isa = PBXVariantGroup;
			children = (
				9EC0DAFE25EEB9D1007D04D0 /* Base */,
			);
			name = Main.storyboard;
			sourceTree = "<group>";
		};
		9EC0DB0225EEB9D4007D04D0 /* LaunchScreen.storyboard */ = {
			isa = PBXVariantGroup;
			children = (
				9EC0DB0325EEB9D4007D04D0 /* Base */,
			);
			name = LaunchScreen.storyboard;
			sourceTree = "<group>";
		};
/* End PBXVariantGroup section */

/* Begin XCBuildConfiguration section */
		9EC0DB0625EEB9D4007D04D0 /* Debug */ = {
			isa = XCBuildConfiguration;
			buildSettings = {
				ALWAYS_SEARCH_USER_PATHS = NO;
				CLANG_ANALYZER_NONNULL = YES;
				CLANG_ANALYZER_NUMBER_OBJECT_CONVERSION = YES_AGGRESSIVE;
				CLANG_CXX_LANGUAGE_STANDARD = "gnu++14";
				CLANG_CXX_LIBRARY = "libc++";
				CLANG_ENABLE_MODULES = YES;
				CLANG_ENABLE_OBJC_ARC = YES;
				CLANG_ENABLE_OBJC_WEAK = YES;
				CLANG_WARN_BLOCK_CAPTURE_AUTORELEASING = YES;
				CLANG_WARN_BOOL_CONVERSION = YES;
				CLANG_WARN_COMMA = YES;
				CLANG_WARN_CONSTANT_CONVERSION = YES;
				CLANG_WARN_DEPRECATED_OBJC_IMPLEMENTATIONS = YES;
				CLANG_WARN_DIRECT_OBJC_ISA_USAGE = YES_ERROR;
				CLANG_WARN_DOCUMENTATION_COMMENTS = YES;
				CLANG_WARN_EMPTY_BODY = YES;
				CLANG_WARN_ENUM_CONVERSION = YES;
				CLANG_WARN_INFINITE_RECURSION = YES;
				CLANG_WARN_INT_CONVERSION = YES;
				CLANG_WARN_NON_LITERAL_NULL_CONVERSION = YES;
				CLANG_WARN_OBJC_IMPLICIT_RETAIN_SELF = YES;
				CLANG_WARN_OBJC_LITERAL_CONVERSION = YES;
				CLANG_WARN_OBJC_ROOT_CLASS = YES_ERROR;
				CLANG_WARN_QUOTED_INCLUDE_IN_FRAMEWORK_HEADER = YES;
				CLANG_WARN_RANGE_LOOP_ANALYSIS = YES;
				CLANG_WARN_STRICT_PROTOTYPES = YES;
				CLANG_WARN_SUSPICIOUS_MOVE = YES;
				CLANG_WARN_UNGUARDED_AVAILABILITY = YES_AGGRESSIVE;
				CLANG_WARN_UNREACHABLE_CODE = YES;
				CLANG_WARN__DUPLICATE_METHOD_MATCH = YES;
				COPY_PHASE_STRIP = NO;
				DEBUG_INFORMATION_FORMAT = dwarf;
				ENABLE_STRICT_OBJC_MSGSEND = YES;
				ENABLE_TESTABILITY = YES;
				GCC_C_LANGUAGE_STANDARD = gnu11;
				GCC_DYNAMIC_NO_PIC = NO;
				GCC_NO_COMMON_BLOCKS = YES;
				GCC_OPTIMIZATION_LEVEL = 0;
				GCC_PREPROCESSOR_DEFINITIONS = (
					"DEBUG=1",
					"$(inherited)",
				);
				GCC_WARN_64_TO_32_BIT_CONVERSION = YES;
				GCC_WARN_ABOUT_RETURN_TYPE = YES_ERROR;
				GCC_WARN_UNDECLARED_SELECTOR = YES;
				GCC_WARN_UNINITIALIZED_AUTOS = YES_AGGRESSIVE;
				GCC_WARN_UNUSED_FUNCTION = YES;
				GCC_WARN_UNUSED_VARIABLE = YES;
				IPHONEOS_DEPLOYMENT_TARGET = 13.0;
				MTL_ENABLE_DEBUG_INFO = INCLUDE_SOURCE;
				MTL_FAST_MATH = YES;
				ONLY_ACTIVE_ARCH = YES;
				SDKROOT = iphoneos;
				SWIFT_ACTIVE_COMPILATION_CONDITIONS = DEBUG;
				SWIFT_OPTIMIZATION_LEVEL = "-Onone";
			};
			name = Debug;
		};
		9EC0DB0725EEB9D4007D04D0 /* Release */ = {
			isa = XCBuildConfiguration;
			buildSettings = {
				ALWAYS_SEARCH_USER_PATHS = NO;
				CLANG_ANALYZER_NONNULL = YES;
				CLANG_ANALYZER_NUMBER_OBJECT_CONVERSION = YES_AGGRESSIVE;
				CLANG_CXX_LANGUAGE_STANDARD = "gnu++14";
				CLANG_CXX_LIBRARY = "libc++";
				CLANG_ENABLE_MODULES = YES;
				CLANG_ENABLE_OBJC_ARC = YES;
				CLANG_ENABLE_OBJC_WEAK = YES;
				CLANG_WARN_BLOCK_CAPTURE_AUTORELEASING = YES;
				CLANG_WARN_BOOL_CONVERSION = YES;
				CLANG_WARN_COMMA = YES;
				CLANG_WARN_CONSTANT_CONVERSION = YES;
				CLANG_WARN_DEPRECATED_OBJC_IMPLEMENTATIONS = YES;
				CLANG_WARN_DIRECT_OBJC_ISA_USAGE = YES_ERROR;
				CLANG_WARN_DOCUMENTATION_COMMENTS = YES;
				CLANG_WARN_EMPTY_BODY = YES;
				CLANG_WARN_ENUM_CONVERSION = YES;
				CLANG_WARN_INFINITE_RECURSION = YES;
				CLANG_WARN_INT_CONVERSION = YES;
				CLANG_WARN_NON_LITERAL_NULL_CONVERSION = YES;
				CLANG_WARN_OBJC_IMPLICIT_RETAIN_SELF = YES;
				CLANG_WARN_OBJC_LITERAL_CONVERSION = YES;
				CLANG_WARN_OBJC_ROOT_CLASS = YES_ERROR;
				CLANG_WARN_QUOTED_INCLUDE_IN_FRAMEWORK_HEADER = YES;
				CLANG_WARN_RANGE_LOOP_ANALYSIS = YES;
				CLANG_WARN_STRICT_PROTOTYPES = YES;
				CLANG_WARN_SUSPICIOUS_MOVE = YES;
				CLANG_WARN_UNGUARDED_AVAILABILITY = YES_AGGRESSIVE;
				CLANG_WARN_UNREACHABLE_CODE = YES;
				CLANG_WARN__DUPLICATE_METHOD_MATCH = YES;
				COPY_PHASE_STRIP = NO;
				DEBUG_INFORMATION_FORMAT = "dwarf-with-dsym";
				ENABLE_NS_ASSERTIONS = NO;
				ENABLE_STRICT_OBJC_MSGSEND = YES;
				GCC_C_LANGUAGE_STANDARD = gnu11;
				GCC_NO_COMMON_BLOCKS = YES;
				GCC_WARN_64_TO_32_BIT_CONVERSION = YES;
				GCC_WARN_ABOUT_RETURN_TYPE = YES_ERROR;
				GCC_WARN_UNDECLARED_SELECTOR = YES;
				GCC_WARN_UNINITIALIZED_AUTOS = YES_AGGRESSIVE;
				GCC_WARN_UNUSED_FUNCTION = YES;
				GCC_WARN_UNUSED_VARIABLE = YES;
				IPHONEOS_DEPLOYMENT_TARGET = 13.0;
				MTL_ENABLE_DEBUG_INFO = NO;
				MTL_FAST_MATH = YES;
				SDKROOT = iphoneos;
				SWIFT_COMPILATION_MODE = wholemodule;
				SWIFT_OPTIMIZATION_LEVEL = "-O";
				VALIDATE_PRODUCT = YES;
			};
			name = Release;
		};
		9EC0DB0925EEB9D4007D04D0 /* Debug */ = {
			isa = XCBuildConfiguration;
			baseConfigurationReference = 45A572E8848738C512AB106E /* Pods-WeekFlex.debug.xcconfig */;
			buildSettings = {
				ASSETCATALOG_COMPILER_APPICON_NAME = AppIcon;
				ASSETCATALOG_COMPILER_GLOBAL_ACCENT_COLOR_NAME = AccentColor;
				CODE_SIGN_ENTITLEMENTS = WeekFlex/WeekFlex.entitlements;
				CODE_SIGN_IDENTITY = "Apple Development";
				CODE_SIGN_STYLE = Automatic;
				DEVELOPMENT_TEAM = DUQE66MABG;
				INFOPLIST_FILE = WeekFlex/Info.plist;
				LD_RUNPATH_SEARCH_PATHS = (
					"$(inherited)",
					"@executable_path/Frameworks",
				);
				PRODUCT_BUNDLE_IDENTIFIER = com.minseung.WeekFlex;
				PRODUCT_NAME = "$(TARGET_NAME)";
				PROVISIONING_PROFILE_SPECIFIER = "";
				SWIFT_VERSION = 5.0;
				TARGETED_DEVICE_FAMILY = "1,2";
			};
			name = Debug;
		};
		9EC0DB0A25EEB9D4007D04D0 /* Release */ = {
			isa = XCBuildConfiguration;
			baseConfigurationReference = E69A384642D50E1D9D0EAF1A /* Pods-WeekFlex.release.xcconfig */;
			buildSettings = {
				ASSETCATALOG_COMPILER_APPICON_NAME = AppIcon;
				ASSETCATALOG_COMPILER_GLOBAL_ACCENT_COLOR_NAME = AccentColor;
				CODE_SIGN_ENTITLEMENTS = WeekFlex/WeekFlex.entitlements;
				CODE_SIGN_STYLE = Automatic;
				DEVELOPMENT_TEAM = DUQE66MABG;
				INFOPLIST_FILE = WeekFlex/Info.plist;
				LD_RUNPATH_SEARCH_PATHS = (
					"$(inherited)",
					"@executable_path/Frameworks",
				);
				PRODUCT_BUNDLE_IDENTIFIER = com.minseung.WeekFlex;
				PRODUCT_NAME = "$(TARGET_NAME)";
				SWIFT_VERSION = 5.0;
				TARGETED_DEVICE_FAMILY = "1,2";
			};
			name = Release;
		};
/* End XCBuildConfiguration section */

/* Begin XCConfigurationList section */
		9EC0DAEF25EEB9D1007D04D0 /* Build configuration list for PBXProject "WeekFlex" */ = {
			isa = XCConfigurationList;
			buildConfigurations = (
				9EC0DB0625EEB9D4007D04D0 /* Debug */,
				9EC0DB0725EEB9D4007D04D0 /* Release */,
			);
			defaultConfigurationIsVisible = 0;
			defaultConfigurationName = Release;
		};
		9EC0DB0825EEB9D4007D04D0 /* Build configuration list for PBXNativeTarget "WeekFlex" */ = {
			isa = XCConfigurationList;
			buildConfigurations = (
				9EC0DB0925EEB9D4007D04D0 /* Debug */,
				9EC0DB0A25EEB9D4007D04D0 /* Release */,
			);
			defaultConfigurationIsVisible = 0;
			defaultConfigurationName = Release;
		};
/* End XCConfigurationList section */
	};
	rootObject = 9EC0DAEC25EEB9D1007D04D0 /* Project object */;
}
