PODS:
  - Alamofire (5.5.0)
  - AppAuth (1.5.0):
    - AppAuth/Core (= 1.5.0)
    - AppAuth/ExternalUserAgent (= 1.5.0)
  - AppAuth/Core (1.5.0)
  - AppAuth/ExternalUserAgent (1.5.0):
    - AppAuth/Core
  - GoogleSignIn (6.1.0):
    - AppAuth (~> 1.4)
    - GTMAppAuth (~> 1.0)
    - GTMSessionFetcher/Core (~> 1.1)
  - GTMAppAuth (1.2.3):
    - AppAuth/Core (~> 1.4)
    - GTMSessionFetcher/Core (~> 1.5)
  - GTMSessionFetcher/Core (1.7.1)
  - KakaoSDKAuth (2.9.1):
    - KakaoSDKCommon (= 2.9.1)
  - KakaoSDKCommon (2.9.1):
    - KakaoSDKCommon/Common (= 2.9.1)
    - KakaoSDKCommon/Network (= 2.9.1)
  - KakaoSDKCommon/Common (2.9.1)
  - KakaoSDKCommon/Network (2.9.1):
    - Alamofire (~> 5.1)
    - KakaoSDKCommon/Common (= 2.9.1)
  - KakaoSDKUser (2.9.1):
    - KakaoSDKAuth (= 2.9.1)
  - lottie-ios (3.3.0)
  - Moya (14.0.0):
    - Moya/Core (= 14.0.0)
  - Moya/Core (14.0.0):
    - Alamofire (~> 5.0)
  - RxCocoa (6.5.0):
    - RxRelay (= 6.5.0)
    - RxSwift (= 6.5.0)
  - RxRelay (6.5.0):
    - RxSwift (= 6.5.0)
  - RxSwift (6.5.0)

DEPENDENCIES:
  - Alamofire
  - GoogleSignIn
  - KakaoSDKAuth
  - KakaoSDKCommon
  - KakaoSDKUser
  - lottie-ios
  - Moya (~> 14.0)
  - RxCocoa
  - RxSwift

SPEC REPOS:
  trunk:
    - Alamofire
    - AppAuth
    - GoogleSignIn
    - GTMAppAuth
    - GTMSessionFetcher
    - KakaoSDKAuth
    - KakaoSDKCommon
    - KakaoSDKUser
    - lottie-ios
    - Moya
    - RxCocoa
    - RxRelay
    - RxSwift

SPEC CHECKSUMS:
  Alamofire: 1c4fb5369c3fe93d2857c780d8bbe09f06f97e7c
  AppAuth: 80317d99ac7ff2801a2f18ff86b48cd315ed465d
  GoogleSignIn: c90b5bec45e780f54c6a8e1e3c182a86e3dda69d
  GTMAppAuth: 987526d41b07efb1bedda5e936fe0cb718a03113
  GTMSessionFetcher: 4577a4cc914a5a07c40a8a0ad0acc22080418c2d
  KakaoSDKAuth: 8ec514e64f57f405735e92483fdae1cc2830d351
  KakaoSDKCommon: c4b08131fdba6770a280ffe83916048174f329bf
  KakaoSDKUser: 3b82c8f4b7bdd8584b296cf91d1be4b4a84102fb
  lottie-ios: 6ac74dcc09904798f59b18cb3075c089d76be9ae
  Moya: 5b45dacb75adb009f97fde91c204c1e565d31916
  RxCocoa: 94f817b71c07517321eb4f9ad299112ca8af743b
  RxRelay: 1de1523e604c72b6c68feadedd1af3b1b4d0ecbd
  RxSwift: 5710a9e6b17f3c3d6e40d6e559b9fa1e813b2ef8

PODFILE CHECKSUM: 12c44cd11110f78533f0d945418c3d9b3e94aff1

COCOAPODS: 1.10.1
