PODS:
  - Alamofire (5.5.0)
  - lottie-ios (3.3.0)
  - Moya (14.0.0):
    - Moya/Core (= 14.0.0)
  - Moya/Core (14.0.0):
    - Alamofire (~> 5.0)
  - RxCocoa (6.5.0):
    - RxRelay (= 6.5.0)
    - RxSwift (= 6.5.0)
  - RxRelay (6.5.0):
    - RxSwift (= 6.5.0)
  - RxSwift (6.5.0)

DEPENDENCIES:
  - Alamofire
  - lottie-ios
  - Moya (~> 14.0)
  - RxCocoa
  - RxSwift

SPEC REPOS:
  trunk:
    - Alamofire
    - lottie-ios
    - Moya
    - RxCocoa
    - RxRelay
    - RxSwift

SPEC CHECKSUMS:
  Alamofire: 1c4fb5369c3fe93d2857c780d8bbe09f06f97e7c
  lottie-ios: 6ac74dcc09904798f59b18cb3075c089d76be9ae
  Moya: 5b45dacb75adb009f97fde91c204c1e565d31916
  RxCocoa: 94f817b71c07517321eb4f9ad299112ca8af743b
  RxRelay: 1de1523e604c72b6c68feadedd1af3b1b4d0ecbd
  RxSwift: 5710a9e6b17f3c3d6e40d6e559b9fa1e813b2ef8

PODFILE CHECKSUM: c04ebf8e3aaaff133ae5c1f1ac5d8b20586fb14c

COCOAPODS: 1.11.3
